// !$*UTF8*$!
{
	archiveVersion = 1;
	classes = {
	};
	objectVersion = 52;
	objects = {

/* Begin PBXBuildFile section */
		05138F49240C9CEE00F8CC60 /* EventViewModel.swift in Sources */ = {isa = PBXBuildFile; fileRef = 05138F48240C9CEE00F8CC60 /* EventViewModel.swift */; };
		05138F4B240CA2E600F8CC60 /* HistoryEventRequest.swift in Sources */ = {isa = PBXBuildFile; fileRef = 05138F4A240CA2E600F8CC60 /* HistoryEventRequest.swift */; };
		05138F4D240CDCD200F8CC60 /* OpenAPI.swift in Sources */ = {isa = PBXBuildFile; fileRef = 05138F4C240CDCD200F8CC60 /* OpenAPI.swift */; };
		05138F50240D019C00F8CC60 /* EventListViewModel.swift in Sources */ = {isa = PBXBuildFile; fileRef = 05138F4F240D019C00F8CC60 /* EventListViewModel.swift */; };
		05138F53240D47EB00F8CC60 /* ReloadButton.swift in Sources */ = {isa = PBXBuildFile; fileRef = 05138F52240D47EB00F8CC60 /* ReloadButton.swift */; };
		05D5B38D240753060049EDED /* AppDelegate.swift in Sources */ = {isa = PBXBuildFile; fileRef = 05D5B38C240753060049EDED /* AppDelegate.swift */; };
		05D5B38F240753060049EDED /* SceneDelegate.swift in Sources */ = {isa = PBXBuildFile; fileRef = 05D5B38E240753060049EDED /* SceneDelegate.swift */; };
		05D5B396240753080049EDED /* Assets.xcassets in Resources */ = {isa = PBXBuildFile; fileRef = 05D5B395240753080049EDED /* Assets.xcassets */; };
		05D5B399240753080049EDED /* Preview Assets.xcassets in Resources */ = {isa = PBXBuildFile; fileRef = 05D5B398240753080049EDED /* Preview Assets.xcassets */; };
		05D5B39C240753080049EDED /* LaunchScreen.storyboard in Resources */ = {isa = PBXBuildFile; fileRef = 05D5B39A240753080049EDED /* LaunchScreen.storyboard */; };
		05D5B3A7240753080049EDED /* RecallTests.swift in Sources */ = {isa = PBXBuildFile; fileRef = 05D5B3A6240753080049EDED /* RecallTests.swift */; };
		05D5B3B2240753080049EDED /* RecallUITests.swift in Sources */ = {isa = PBXBuildFile; fileRef = 05D5B3B1240753080049EDED /* RecallUITests.swift */; };
		05D60EB924079F71005CD73D /* Alamofire in Frameworks */ = {isa = PBXBuildFile; productRef = 05D60EB824079F71005CD73D /* Alamofire */; };
		05D60EC82408E9C5005CD73D /* HistoryListView.swift in Sources */ = {isa = PBXBuildFile; fileRef = 05D60EC72408E9C5005CD73D /* HistoryListView.swift */; };
		05D60ED9240BAB29005CD73D /* IntroCellView.swift in Sources */ = {isa = PBXBuildFile; fileRef = 05D60ED8240BAB29005CD73D /* IntroCellView.swift */; };
		05F46517240C245700B86A91 /* HistoryEvent.swift in Sources */ = {isa = PBXBuildFile; fileRef = 05F46516240C245700B86A91 /* HistoryEvent.swift */; };
		7A459166240DF20300AD4CFF /* Kingfisher in Frameworks */ = {isa = PBXBuildFile; productRef = 7A459165240DF20300AD4CFF /* Kingfisher */; };
		7A459168240DF20300AD4CFF /* KingfisherSwiftUI in Frameworks */ = {isa = PBXBuildFile; productRef = 7A459167240DF20300AD4CFF /* KingfisherSwiftUI */; };
		7A45916B240DF30500AD4CFF /* SwiftyJSON in Frameworks */ = {isa = PBXBuildFile; productRef = 7A45916A240DF30500AD4CFF /* SwiftyJSON */; };
		7A7446C22421BBE00065C2F1 /* HistoryDetailView.swift in Sources */ = {isa = PBXBuildFile; fileRef = 7A7446C12421BBE00065C2F1 /* HistoryDetailView.swift */; };
/* End PBXBuildFile section */

/* Begin PBXContainerItemProxy section */
		05D5B3A3240753080049EDED /* PBXContainerItemProxy */ = {
			isa = PBXContainerItemProxy;
			containerPortal = 05D5B381240753060049EDED /* Project object */;
			proxyType = 1;
			remoteGlobalIDString = 05D5B388240753060049EDED;
			remoteInfo = Recall;
		};
		05D5B3AE240753080049EDED /* PBXContainerItemProxy */ = {
			isa = PBXContainerItemProxy;
			containerPortal = 05D5B381240753060049EDED /* Project object */;
			proxyType = 1;
			remoteGlobalIDString = 05D5B388240753060049EDED;
			remoteInfo = Recall;
		};
/* End PBXContainerItemProxy section */

/* Begin PBXFileReference section */
		05138F48240C9CEE00F8CC60 /* EventViewModel.swift */ = {isa = PBXFileReference; lastKnownFileType = sourcecode.swift; path = EventViewModel.swift; sourceTree = "<group>"; };
		05138F4A240CA2E600F8CC60 /* HistoryEventRequest.swift */ = {isa = PBXFileReference; lastKnownFileType = sourcecode.swift; path = HistoryEventRequest.swift; sourceTree = "<group>"; };
		05138F4C240CDCD200F8CC60 /* OpenAPI.swift */ = {isa = PBXFileReference; lastKnownFileType = sourcecode.swift; path = OpenAPI.swift; sourceTree = "<group>"; };
		05138F4F240D019C00F8CC60 /* EventListViewModel.swift */ = {isa = PBXFileReference; lastKnownFileType = sourcecode.swift; path = EventListViewModel.swift; sourceTree = "<group>"; };
		05138F52240D47EB00F8CC60 /* ReloadButton.swift */ = {isa = PBXFileReference; lastKnownFileType = sourcecode.swift; path = ReloadButton.swift; sourceTree = "<group>"; };
		05D5B389240753060049EDED /* Recall.app */ = {isa = PBXFileReference; explicitFileType = wrapper.application; includeInIndex = 0; path = Recall.app; sourceTree = BUILT_PRODUCTS_DIR; };
		05D5B38C240753060049EDED /* AppDelegate.swift */ = {isa = PBXFileReference; lastKnownFileType = sourcecode.swift; path = AppDelegate.swift; sourceTree = "<group>"; };
		05D5B38E240753060049EDED /* SceneDelegate.swift */ = {isa = PBXFileReference; lastKnownFileType = sourcecode.swift; path = SceneDelegate.swift; sourceTree = "<group>"; };
		05D5B395240753080049EDED /* Assets.xcassets */ = {isa = PBXFileReference; lastKnownFileType = folder.assetcatalog; path = Assets.xcassets; sourceTree = "<group>"; };
		05D5B398240753080049EDED /* Preview Assets.xcassets */ = {isa = PBXFileReference; lastKnownFileType = folder.assetcatalog; path = "Preview Assets.xcassets"; sourceTree = "<group>"; };
		05D5B39B240753080049EDED /* Base */ = {isa = PBXFileReference; lastKnownFileType = file.storyboard; name = Base; path = Base.lproj/LaunchScreen.storyboard; sourceTree = "<group>"; };
		05D5B39D240753080049EDED /* Info.plist */ = {isa = PBXFileReference; lastKnownFileType = text.plist.xml; path = Info.plist; sourceTree = "<group>"; };
		05D5B3A2240753080049EDED /* RecallTests.xctest */ = {isa = PBXFileReference; explicitFileType = wrapper.cfbundle; includeInIndex = 0; path = RecallTests.xctest; sourceTree = BUILT_PRODUCTS_DIR; };
		05D5B3A6240753080049EDED /* RecallTests.swift */ = {isa = PBXFileReference; lastKnownFileType = sourcecode.swift; path = RecallTests.swift; sourceTree = "<group>"; };
		05D5B3A8240753080049EDED /* Info.plist */ = {isa = PBXFileReference; lastKnownFileType = text.plist.xml; path = Info.plist; sourceTree = "<group>"; };
		05D5B3AD240753080049EDED /* RecallUITests.xctest */ = {isa = PBXFileReference; explicitFileType = wrapper.cfbundle; includeInIndex = 0; path = RecallUITests.xctest; sourceTree = BUILT_PRODUCTS_DIR; };
		05D5B3B1240753080049EDED /* RecallUITests.swift */ = {isa = PBXFileReference; lastKnownFileType = sourcecode.swift; path = RecallUITests.swift; sourceTree = "<group>"; };
		05D5B3B3240753080049EDED /* Info.plist */ = {isa = PBXFileReference; lastKnownFileType = text.plist.xml; path = Info.plist; sourceTree = "<group>"; };
		05D60EBF2407B7F0005CD73D /* Recall.entitlements */ = {isa = PBXFileReference; lastKnownFileType = text.plist.entitlements; path = Recall.entitlements; sourceTree = "<group>"; };
		05D60EC72408E9C5005CD73D /* HistoryListView.swift */ = {isa = PBXFileReference; lastKnownFileType = sourcecode.swift; path = HistoryListView.swift; sourceTree = "<group>"; };
		05D60ED8240BAB29005CD73D /* IntroCellView.swift */ = {isa = PBXFileReference; lastKnownFileType = sourcecode.swift; path = IntroCellView.swift; sourceTree = "<group>"; };
		05F46516240C245700B86A91 /* HistoryEvent.swift */ = {isa = PBXFileReference; lastKnownFileType = sourcecode.swift; path = HistoryEvent.swift; sourceTree = "<group>"; };
		7A7446C12421BBE00065C2F1 /* HistoryDetailView.swift */ = {isa = PBXFileReference; lastKnownFileType = sourcecode.swift; path = HistoryDetailView.swift; sourceTree = "<group>"; };
/* End PBXFileReference section */

/* Begin PBXFrameworksBuildPhase section */
		05D5B386240753060049EDED /* Frameworks */ = {
			isa = PBXFrameworksBuildPhase;
			buildActionMask = 2147483647;
			files = (
				7A459168240DF20300AD4CFF /* KingfisherSwiftUI in Frameworks */,
				7A459166240DF20300AD4CFF /* Kingfisher in Frameworks */,
				7A45916B240DF30500AD4CFF /* SwiftyJSON in Frameworks */,
				05D60EB924079F71005CD73D /* Alamofire in Frameworks */,
			);
			runOnlyForDeploymentPostprocessing = 0;
		};
		05D5B39F240753080049EDED /* Frameworks */ = {
			isa = PBXFrameworksBuildPhase;
			buildActionMask = 2147483647;
			files = (
			);
			runOnlyForDeploymentPostprocessing = 0;
		};
		05D5B3AA240753080049EDED /* Frameworks */ = {
			isa = PBXFrameworksBuildPhase;
			buildActionMask = 2147483647;
			files = (
			);
			runOnlyForDeploymentPostprocessing = 0;
		};
/* End PBXFrameworksBuildPhase section */

/* Begin PBXGroup section */
		05138F46240C97D000F8CC60 /* ViewModel */ = {
			isa = PBXGroup;
			children = (
				05138F48240C9CEE00F8CC60 /* EventViewModel.swift */,
				05138F4F240D019C00F8CC60 /* EventListViewModel.swift */,
			);
			path = ViewModel;
			sourceTree = "<group>";
		};
		05138F47240C9CD500F8CC60 /* Model */ = {
			isa = PBXGroup;
			children = (
				05F46514240C242A00B86A91 /* DataModel */,
				05138F46240C97D000F8CC60 /* ViewModel */,
			);
			path = Model;
			sourceTree = "<group>";
		};
		05138F4E240CE11400F8CC60 /* Request */ = {
			isa = PBXGroup;
			children = (
				05138F4A240CA2E600F8CC60 /* HistoryEventRequest.swift */,
			);
			path = Request;
			sourceTree = "<group>";
		};
		05D5B380240753060049EDED = {
			isa = PBXGroup;
			children = (
				05D5B38B240753060049EDED /* Recall */,
				05D5B3A5240753080049EDED /* RecallTests */,
				05D5B3B0240753080049EDED /* RecallUITests */,
				05D5B38A240753060049EDED /* Products */,
			);
			sourceTree = "<group>";
		};
		05D5B38A240753060049EDED /* Products */ = {
			isa = PBXGroup;
			children = (
				05D5B389240753060049EDED /* Recall.app */,
				05D5B3A2240753080049EDED /* RecallTests.xctest */,
				05D5B3AD240753080049EDED /* RecallUITests.xctest */,
			);
			name = Products;
			sourceTree = "<group>";
		};
		05D5B38B240753060049EDED /* Recall */ = {
			isa = PBXGroup;
			children = (
				05D5B38C240753060049EDED /* AppDelegate.swift */,
				05D5B38E240753060049EDED /* SceneDelegate.swift */,
				05D60EC42408E337005CD73D /* Feature */,
				05D60EC32408C482005CD73D /* Network */,
				05D60EC52408E3C3005CD73D /* Resource */,
			);
			path = Recall;
			sourceTree = "<group>";
		};
		05D5B397240753080049EDED /* Preview Content */ = {
			isa = PBXGroup;
			children = (
				05D5B398240753080049EDED /* Preview Assets.xcassets */,
			);
			path = "Preview Content";
			sourceTree = "<group>";
		};
		05D5B3A5240753080049EDED /* RecallTests */ = {
			isa = PBXGroup;
			children = (
				05D5B3A6240753080049EDED /* RecallTests.swift */,
				05D5B3A8240753080049EDED /* Info.plist */,
			);
			path = RecallTests;
			sourceTree = "<group>";
		};
		05D5B3B0240753080049EDED /* RecallUITests */ = {
			isa = PBXGroup;
			children = (
				05D5B3B1240753080049EDED /* RecallUITests.swift */,
				05D5B3B3240753080049EDED /* Info.plist */,
			);
			path = RecallUITests;
			sourceTree = "<group>";
		};
		05D60EC32408C482005CD73D /* Network */ = {
			isa = PBXGroup;
			children = (
				05138F4C240CDCD200F8CC60 /* OpenAPI.swift */,
				05138F4E240CE11400F8CC60 /* Request */,
			);
			path = Network;
			sourceTree = "<group>";
		};
		05D60EC42408E337005CD73D /* Feature */ = {
			isa = PBXGroup;
			children = (
				05D60EC62408E9AD005CD73D /* History */,
			);
			path = Feature;
			sourceTree = "<group>";
		};
		05D60EC52408E3C3005CD73D /* Resource */ = {
			isa = PBXGroup;
			children = (
				05D5B397240753080049EDED /* Preview Content */,
				05D60EBF2407B7F0005CD73D /* Recall.entitlements */,
				05D5B395240753080049EDED /* Assets.xcassets */,
				05D5B39A240753080049EDED /* LaunchScreen.storyboard */,
				05D5B39D240753080049EDED /* Info.plist */,
			);
			path = Resource;
			sourceTree = "<group>";
		};
		05D60EC62408E9AD005CD73D /* History */ = {
			isa = PBXGroup;
			children = (
				05138F47240C9CD500F8CC60 /* Model */,
				05F46515240C243200B86A91 /* View */,
			);
			path = History;
			sourceTree = "<group>";
		};
		05F46514240C242A00B86A91 /* DataModel */ = {
			isa = PBXGroup;
			children = (
				05F46516240C245700B86A91 /* HistoryEvent.swift */,
			);
			path = DataModel;
			sourceTree = "<group>";
		};
		05F46515240C243200B86A91 /* View */ = {
			isa = PBXGroup;
			children = (
				05138F52240D47EB00F8CC60 /* ReloadButton.swift */,
				05D60ED8240BAB29005CD73D /* IntroCellView.swift */,
				05D60EC72408E9C5005CD73D /* HistoryListView.swift */,
				7A7446C12421BBE00065C2F1 /* HistoryDetailView.swift */,
			);
			path = View;
			sourceTree = "<group>";
		};
/* End PBXGroup section */

/* Begin PBXNativeTarget section */
		05D5B388240753060049EDED /* Recall */ = {
			isa = PBXNativeTarget;
			buildConfigurationList = 05D5B3B6240753080049EDED /* Build configuration list for PBXNativeTarget "Recall" */;
			buildPhases = (
				05D5B385240753060049EDED /* Sources */,
				05D5B386240753060049EDED /* Frameworks */,
				05D5B387240753060049EDED /* Resources */,
			);
			buildRules = (
			);
			dependencies = (
			);
			name = Recall;
			packageProductDependencies = (
				05D60EB824079F71005CD73D /* Alamofire */,
				7A459165240DF20300AD4CFF /* Kingfisher */,
				7A459167240DF20300AD4CFF /* KingfisherSwiftUI */,
				7A45916A240DF30500AD4CFF /* SwiftyJSON */,
			);
			productName = Recall;
			productReference = 05D5B389240753060049EDED /* Recall.app */;
			productType = "com.apple.product-type.application";
		};
		05D5B3A1240753080049EDED /* RecallTests */ = {
			isa = PBXNativeTarget;
			buildConfigurationList = 05D5B3B9240753080049EDED /* Build configuration list for PBXNativeTarget "RecallTests" */;
			buildPhases = (
				05D5B39E240753080049EDED /* Sources */,
				05D5B39F240753080049EDED /* Frameworks */,
				05D5B3A0240753080049EDED /* Resources */,
			);
			buildRules = (
			);
			dependencies = (
				05D5B3A4240753080049EDED /* PBXTargetDependency */,
			);
			name = RecallTests;
			productName = RecallTests;
			productReference = 05D5B3A2240753080049EDED /* RecallTests.xctest */;
			productType = "com.apple.product-type.bundle.unit-test";
		};
		05D5B3AC240753080049EDED /* RecallUITests */ = {
			isa = PBXNativeTarget;
			buildConfigurationList = 05D5B3BC240753080049EDED /* Build configuration list for PBXNativeTarget "RecallUITests" */;
			buildPhases = (
				05D5B3A9240753080049EDED /* Sources */,
				05D5B3AA240753080049EDED /* Frameworks */,
				05D5B3AB240753080049EDED /* Resources */,
			);
			buildRules = (
			);
			dependencies = (
				05D5B3AF240753080049EDED /* PBXTargetDependency */,
			);
			name = RecallUITests;
			productName = RecallUITests;
			productReference = 05D5B3AD240753080049EDED /* RecallUITests.xctest */;
			productType = "com.apple.product-type.bundle.ui-testing";
		};
/* End PBXNativeTarget section */

/* Begin PBXProject section */
		05D5B381240753060049EDED /* Project object */ = {
			isa = PBXProject;
			attributes = {
				LastSwiftUpdateCheck = 1130;
				LastUpgradeCheck = 1130;
				ORGANIZATIONNAME = "俞清源";
				TargetAttributes = {
					05D5B388240753060049EDED = {
						CreatedOnToolsVersion = 11.3.1;
					};
					05D5B3A1240753080049EDED = {
						CreatedOnToolsVersion = 11.3.1;
						TestTargetID = 05D5B388240753060049EDED;
					};
					05D5B3AC240753080049EDED = {
						CreatedOnToolsVersion = 11.3.1;
						TestTargetID = 05D5B388240753060049EDED;
					};
				};
			};
			buildConfigurationList = 05D5B384240753060049EDED /* Build configuration list for PBXProject "Recall" */;
			compatibilityVersion = "Xcode 9.3";
			developmentRegion = en;
			hasScannedForEncodings = 0;
			knownRegions = (
				en,
				Base,
			);
			mainGroup = 05D5B380240753060049EDED;
			packageReferences = (
				05D60EB724079F71005CD73D /* XCRemoteSwiftPackageReference "Alamofire" */,
				7A459164240DF20300AD4CFF /* XCRemoteSwiftPackageReference "Kingfisher" */,
				7A459169240DF30500AD4CFF /* XCRemoteSwiftPackageReference "SwiftyJSON" */,
			);
			productRefGroup = 05D5B38A240753060049EDED /* Products */;
			projectDirPath = "";
			projectRoot = "";
			targets = (
				05D5B388240753060049EDED /* Recall */,
				05D5B3A1240753080049EDED /* RecallTests */,
				05D5B3AC240753080049EDED /* RecallUITests */,
			);
		};
/* End PBXProject section */

/* Begin PBXResourcesBuildPhase section */
		05D5B387240753060049EDED /* Resources */ = {
			isa = PBXResourcesBuildPhase;
			buildActionMask = 2147483647;
			files = (
				05D5B39C240753080049EDED /* LaunchScreen.storyboard in Resources */,
				05D5B399240753080049EDED /* Preview Assets.xcassets in Resources */,
				05D5B396240753080049EDED /* Assets.xcassets in Resources */,
			);
			runOnlyForDeploymentPostprocessing = 0;
		};
		05D5B3A0240753080049EDED /* Resources */ = {
			isa = PBXResourcesBuildPhase;
			buildActionMask = 2147483647;
			files = (
			);
			runOnlyForDeploymentPostprocessing = 0;
		};
		05D5B3AB240753080049EDED /* Resources */ = {
			isa = PBXResourcesBuildPhase;
			buildActionMask = 2147483647;
			files = (
			);
			runOnlyForDeploymentPostprocessing = 0;
		};
/* End PBXResourcesBuildPhase section */

/* Begin PBXSourcesBuildPhase section */
		05D5B385240753060049EDED /* Sources */ = {
			isa = PBXSourcesBuildPhase;
			buildActionMask = 2147483647;
			files = (
				05138F4D240CDCD200F8CC60 /* OpenAPI.swift in Sources */,
				05138F4B240CA2E600F8CC60 /* HistoryEventRequest.swift in Sources */,
				05138F50240D019C00F8CC60 /* EventListViewModel.swift in Sources */,
				05138F49240C9CEE00F8CC60 /* EventViewModel.swift in Sources */,
				7A7446C22421BBE00065C2F1 /* HistoryDetailView.swift in Sources */,
				05F46517240C245700B86A91 /* HistoryEvent.swift in Sources */,
				05138F53240D47EB00F8CC60 /* ReloadButton.swift in Sources */,
				05D60EC82408E9C5005CD73D /* HistoryListView.swift in Sources */,
				05D60ED9240BAB29005CD73D /* IntroCellView.swift in Sources */,
				05D5B38D240753060049EDED /* AppDelegate.swift in Sources */,
				05D5B38F240753060049EDED /* SceneDelegate.swift in Sources */,
			);
			runOnlyForDeploymentPostprocessing = 0;
		};
		05D5B39E240753080049EDED /* Sources */ = {
			isa = PBXSourcesBuildPhase;
			buildActionMask = 2147483647;
			files = (
				05D5B3A7240753080049EDED /* RecallTests.swift in Sources */,
			);
			runOnlyForDeploymentPostprocessing = 0;
		};
		05D5B3A9240753080049EDED /* Sources */ = {
			isa = PBXSourcesBuildPhase;
			buildActionMask = 2147483647;
			files = (
				05D5B3B2240753080049EDED /* RecallUITests.swift in Sources */,
			);
			runOnlyForDeploymentPostprocessing = 0;
		};
/* End PBXSourcesBuildPhase section */

/* Begin PBXTargetDependency section */
		05D5B3A4240753080049EDED /* PBXTargetDependency */ = {
			isa = PBXTargetDependency;
			target = 05D5B388240753060049EDED /* Recall */;
			targetProxy = 05D5B3A3240753080049EDED /* PBXContainerItemProxy */;
		};
		05D5B3AF240753080049EDED /* PBXTargetDependency */ = {
			isa = PBXTargetDependency;
			target = 05D5B388240753060049EDED /* Recall */;
			targetProxy = 05D5B3AE240753080049EDED /* PBXContainerItemProxy */;
		};
/* End PBXTargetDependency section */

/* Begin PBXVariantGroup section */
		05D5B39A240753080049EDED /* LaunchScreen.storyboard */ = {
			isa = PBXVariantGroup;
			children = (
				05D5B39B240753080049EDED /* Base */,
			);
			name = LaunchScreen.storyboard;
			sourceTree = "<group>";
		};
/* End PBXVariantGroup section */

/* Begin XCBuildConfiguration section */
		05D5B3B4240753080049EDED /* Debug */ = {
			isa = XCBuildConfiguration;
			buildSettings = {
				ALWAYS_SEARCH_USER_PATHS = NO;
				CLANG_ANALYZER_NONNULL = YES;
				CLANG_ANALYZER_NUMBER_OBJECT_CONVERSION = YES_AGGRESSIVE;
				CLANG_CXX_LANGUAGE_STANDARD = "gnu++14";
				CLANG_CXX_LIBRARY = "libc++";
				CLANG_ENABLE_MODULES = YES;
				CLANG_ENABLE_OBJC_ARC = YES;
				CLANG_ENABLE_OBJC_WEAK = YES;
				CLANG_WARN_BLOCK_CAPTURE_AUTORELEASING = YES;
				CLANG_WARN_BOOL_CONVERSION = YES;
				CLANG_WARN_COMMA = YES;
				CLANG_WARN_CONSTANT_CONVERSION = YES;
				CLANG_WARN_DEPRECATED_OBJC_IMPLEMENTATIONS = YES;
				CLANG_WARN_DIRECT_OBJC_ISA_USAGE = YES_ERROR;
				CLANG_WARN_DOCUMENTATION_COMMENTS = YES;
				CLANG_WARN_EMPTY_BODY = YES;
				CLANG_WARN_ENUM_CONVERSION = YES;
				CLANG_WARN_INFINITE_RECURSION = YES;
				CLANG_WARN_INT_CONVERSION = YES;
				CLANG_WARN_NON_LITERAL_NULL_CONVERSION = YES;
				CLANG_WARN_OBJC_IMPLICIT_RETAIN_SELF = YES;
				CLANG_WARN_OBJC_LITERAL_CONVERSION = YES;
				CLANG_WARN_OBJC_ROOT_CLASS = YES_ERROR;
				CLANG_WARN_RANGE_LOOP_ANALYSIS = YES;
				CLANG_WARN_STRICT_PROTOTYPES = YES;
				CLANG_WARN_SUSPICIOUS_MOVE = YES;
				CLANG_WARN_UNGUARDED_AVAILABILITY = YES_AGGRESSIVE;
				CLANG_WARN_UNREACHABLE_CODE = YES;
				CLANG_WARN__DUPLICATE_METHOD_MATCH = YES;
				COPY_PHASE_STRIP = NO;
				DEBUG_INFORMATION_FORMAT = dwarf;
				ENABLE_STRICT_OBJC_MSGSEND = YES;
				ENABLE_TESTABILITY = YES;
				GCC_C_LANGUAGE_STANDARD = gnu11;
				GCC_DYNAMIC_NO_PIC = NO;
				GCC_NO_COMMON_BLOCKS = YES;
				GCC_OPTIMIZATION_LEVEL = 0;
				GCC_PREPROCESSOR_DEFINITIONS = (
					"DEBUG=1",
					"$(inherited)",
				);
				GCC_WARN_64_TO_32_BIT_CONVERSION = YES;
				GCC_WARN_ABOUT_RETURN_TYPE = YES_ERROR;
				GCC_WARN_UNDECLARED_SELECTOR = YES;
				GCC_WARN_UNINITIALIZED_AUTOS = YES_AGGRESSIVE;
				GCC_WARN_UNUSED_FUNCTION = YES;
				GCC_WARN_UNUSED_VARIABLE = YES;
				IPHONEOS_DEPLOYMENT_TARGET = 13.2;
				MTL_ENABLE_DEBUG_INFO = INCLUDE_SOURCE;
				MTL_FAST_MATH = YES;
				ONLY_ACTIVE_ARCH = YES;
				SDKROOT = iphoneos;
				SWIFT_ACTIVE_COMPILATION_CONDITIONS = DEBUG;
				SWIFT_OPTIMIZATION_LEVEL = "-Onone";
			};
			name = Debug;
		};
		05D5B3B5240753080049EDED /* Release */ = {
			isa = XCBuildConfiguration;
			buildSettings = {
				ALWAYS_SEARCH_USER_PATHS = NO;
				CLANG_ANALYZER_NONNULL = YES;
				CLANG_ANALYZER_NUMBER_OBJECT_CONVERSION = YES_AGGRESSIVE;
				CLANG_CXX_LANGUAGE_STANDARD = "gnu++14";
				CLANG_CXX_LIBRARY = "libc++";
				CLANG_ENABLE_MODULES = YES;
				CLANG_ENABLE_OBJC_ARC = YES;
				CLANG_ENABLE_OBJC_WEAK = YES;
				CLANG_WARN_BLOCK_CAPTURE_AUTORELEASING = YES;
				CLANG_WARN_BOOL_CONVERSION = YES;
				CLANG_WARN_COMMA = YES;
				CLANG_WARN_CONSTANT_CONVERSION = YES;
				CLANG_WARN_DEPRECATED_OBJC_IMPLEMENTATIONS = YES;
				CLANG_WARN_DIRECT_OBJC_ISA_USAGE = YES_ERROR;
				CLANG_WARN_DOCUMENTATION_COMMENTS = YES;
				CLANG_WARN_EMPTY_BODY = YES;
				CLANG_WARN_ENUM_CONVERSION = YES;
				CLANG_WARN_INFINITE_RECURSION = YES;
				CLANG_WARN_INT_CONVERSION = YES;
				CLANG_WARN_NON_LITERAL_NULL_CONVERSION = YES;
				CLANG_WARN_OBJC_IMPLICIT_RETAIN_SELF = YES;
				CLANG_WARN_OBJC_LITERAL_CONVERSION = YES;
				CLANG_WARN_OBJC_ROOT_CLASS = YES_ERROR;
				CLANG_WARN_RANGE_LOOP_ANALYSIS = YES;
				CLANG_WARN_STRICT_PROTOTYPES = YES;
				CLANG_WARN_SUSPICIOUS_MOVE = YES;
				CLANG_WARN_UNGUARDED_AVAILABILITY = YES_AGGRESSIVE;
				CLANG_WARN_UNREACHABLE_CODE = YES;
				CLANG_WARN__DUPLICATE_METHOD_MATCH = YES;
				COPY_PHASE_STRIP = NO;
				DEBUG_INFORMATION_FORMAT = "dwarf-with-dsym";
				ENABLE_NS_ASSERTIONS = NO;
				ENABLE_STRICT_OBJC_MSGSEND = YES;
				GCC_C_LANGUAGE_STANDARD = gnu11;
				GCC_NO_COMMON_BLOCKS = YES;
				GCC_WARN_64_TO_32_BIT_CONVERSION = YES;
				GCC_WARN_ABOUT_RETURN_TYPE = YES_ERROR;
				GCC_WARN_UNDECLARED_SELECTOR = YES;
				GCC_WARN_UNINITIALIZED_AUTOS = YES_AGGRESSIVE;
				GCC_WARN_UNUSED_FUNCTION = YES;
				GCC_WARN_UNUSED_VARIABLE = YES;
				IPHONEOS_DEPLOYMENT_TARGET = 13.2;
				MTL_ENABLE_DEBUG_INFO = NO;
				MTL_FAST_MATH = YES;
				SDKROOT = iphoneos;
				SWIFT_COMPILATION_MODE = wholemodule;
				SWIFT_OPTIMIZATION_LEVEL = "-O";
				VALIDATE_PRODUCT = YES;
			};
			name = Release;
		};
		05D5B3B7240753080049EDED /* Debug */ = {
			isa = XCBuildConfiguration;
			buildSettings = {
				ASSETCATALOG_COMPILER_APPICON_NAME = AppIcon;
				CODE_SIGN_ENTITLEMENTS = Recall/Resource/Recall.entitlements;
				CODE_SIGN_STYLE = Automatic;
				DERIVE_MACCATALYST_PRODUCT_BUNDLE_IDENTIFIER = YES;
				DEVELOPMENT_ASSET_PATHS = "\"Recall/Resource/Preview Content\"";
				DEVELOPMENT_TEAM = 6E5KV5Z7QF;
				ENABLE_PREVIEWS = YES;
				INFOPLIST_FILE = Recall/Resource/Info.plist;
				IPHONEOS_DEPLOYMENT_TARGET = 13.2;
				LD_RUNPATH_SEARCH_PATHS = (
					"$(inherited)",
					"@executable_path/Frameworks",
				);
				PRODUCT_BUNDLE_IDENTIFIER = com.qingyuanyu.Recall;
				PRODUCT_NAME = "$(TARGET_NAME)";
				SUPPORTS_MACCATALYST = YES;
				SWIFT_VERSION = 5.0;
				TARGETED_DEVICE_FAMILY = "1,2";
			};
			name = Debug;
		};
		05D5B3B8240753080049EDED /* Release */ = {
			isa = XCBuildConfiguration;
			buildSettings = {
				ASSETCATALOG_COMPILER_APPICON_NAME = AppIcon;
				CODE_SIGN_ENTITLEMENTS = Recall/Resource/Recall.entitlements;
				CODE_SIGN_STYLE = Automatic;
				DERIVE_MACCATALYST_PRODUCT_BUNDLE_IDENTIFIER = YES;
				DEVELOPMENT_ASSET_PATHS = "\"Recall/Resource/Preview Content\"";
				DEVELOPMENT_TEAM = 6E5KV5Z7QF;
				ENABLE_PREVIEWS = YES;
				INFOPLIST_FILE = Recall/Resource/Info.plist;
				IPHONEOS_DEPLOYMENT_TARGET = 13.2;
				LD_RUNPATH_SEARCH_PATHS = (
					"$(inherited)",
					"@executable_path/Frameworks",
				);
				PRODUCT_BUNDLE_IDENTIFIER = com.qingyuanyu.Recall;
				PRODUCT_NAME = "$(TARGET_NAME)";
				SUPPORTS_MACCATALYST = YES;
				SWIFT_VERSION = 5.0;
				TARGETED_DEVICE_FAMILY = "1,2";
			};
			name = Release;
		};
		05D5B3BA240753080049EDED /* Debug */ = {
			isa = XCBuildConfiguration;
			buildSettings = {
				ALWAYS_EMBED_SWIFT_STANDARD_LIBRARIES = YES;
				BUNDLE_LOADER = "$(TEST_HOST)";
				CODE_SIGN_STYLE = Automatic;
				DEVELOPMENT_TEAM = 6E5KV5Z7QF;
				INFOPLIST_FILE = RecallTests/Info.plist;
				IPHONEOS_DEPLOYMENT_TARGET = 13.2;
				LD_RUNPATH_SEARCH_PATHS = (
					"$(inherited)",
					"@executable_path/Frameworks",
					"@loader_path/Frameworks",
				);
				PRODUCT_BUNDLE_IDENTIFIER = com.qingyuanyu.RecallTests;
				PRODUCT_NAME = "$(TARGET_NAME)";
				SWIFT_VERSION = 5.0;
				TARGETED_DEVICE_FAMILY = "1,2";
				TEST_HOST = "$(BUILT_PRODUCTS_DIR)/Recall.app/Recall";
			};
			name = Debug;
		};
		05D5B3BB240753080049EDED /* Release */ = {
			isa = XCBuildConfiguration;
			buildSettings = {
				ALWAYS_EMBED_SWIFT_STANDARD_LIBRARIES = YES;
				BUNDLE_LOADER = "$(TEST_HOST)";
				CODE_SIGN_STYLE = Automatic;
				DEVELOPMENT_TEAM = 6E5KV5Z7QF;
				INFOPLIST_FILE = RecallTests/Info.plist;
				IPHONEOS_DEPLOYMENT_TARGET = 13.2;
				LD_RUNPATH_SEARCH_PATHS = (
					"$(inherited)",
					"@executable_path/Frameworks",
					"@loader_path/Frameworks",
				);
				PRODUCT_BUNDLE_IDENTIFIER = com.qingyuanyu.RecallTests;
				PRODUCT_NAME = "$(TARGET_NAME)";
				SWIFT_VERSION = 5.0;
				TARGETED_DEVICE_FAMILY = "1,2";
				TEST_HOST = "$(BUILT_PRODUCTS_DIR)/Recall.app/Recall";
			};
			name = Release;
		};
		05D5B3BD240753080049EDED /* Debug */ = {
			isa = XCBuildConfiguration;
			buildSettings = {
				ALWAYS_EMBED_SWIFT_STANDARD_LIBRARIES = YES;
				CODE_SIGN_STYLE = Automatic;
				DEVELOPMENT_TEAM = 6E5KV5Z7QF;
				INFOPLIST_FILE = RecallUITests/Info.plist;
				LD_RUNPATH_SEARCH_PATHS = (
					"$(inherited)",
					"@executable_path/Frameworks",
					"@loader_path/Frameworks",
				);
				PRODUCT_BUNDLE_IDENTIFIER = com.qingyuanyu.RecallUITests;
				PRODUCT_NAME = "$(TARGET_NAME)";
				SWIFT_VERSION = 5.0;
				TARGETED_DEVICE_FAMILY = "1,2";
				TEST_TARGET_NAME = Recall;
			};
			name = Debug;
		};
		05D5B3BE240753080049EDED /* Release */ = {
			isa = XCBuildConfiguration;
			buildSettings = {
				ALWAYS_EMBED_SWIFT_STANDARD_LIBRARIES = YES;
				CODE_SIGN_STYLE = Automatic;
				DEVELOPMENT_TEAM = 6E5KV5Z7QF;
				INFOPLIST_FILE = RecallUITests/Info.plist;
				LD_RUNPATH_SEARCH_PATHS = (
					"$(inherited)",
					"@executable_path/Frameworks",
					"@loader_path/Frameworks",
				);
				PRODUCT_BUNDLE_IDENTIFIER = com.qingyuanyu.RecallUITests;
				PRODUCT_NAME = "$(TARGET_NAME)";
				SWIFT_VERSION = 5.0;
				TARGETED_DEVICE_FAMILY = "1,2";
				TEST_TARGET_NAME = Recall;
			};
			name = Release;
		};
/* End XCBuildConfiguration section */

/* Begin XCConfigurationList section */
		05D5B384240753060049EDED /* Build configuration list for PBXProject "Recall" */ = {
			isa = XCConfigurationList;
			buildConfigurations = (
				05D5B3B4240753080049EDED /* Debug */,
				05D5B3B5240753080049EDED /* Release */,
			);
			defaultConfigurationIsVisible = 0;
			defaultConfigurationName = Release;
		};
		05D5B3B6240753080049EDED /* Build configuration list for PBXNativeTarget "Recall" */ = {
			isa = XCConfigurationList;
			buildConfigurations = (
				05D5B3B7240753080049EDED /* Debug */,
				05D5B3B8240753080049EDED /* Release */,
			);
			defaultConfigurationIsVisible = 0;
			defaultConfigurationName = Release;
		};
		05D5B3B9240753080049EDED /* Build configuration list for PBXNativeTarget "RecallTests" */ = {
			isa = XCConfigurationList;
			buildConfigurations = (
				05D5B3BA240753080049EDED /* Debug */,
				05D5B3BB240753080049EDED /* Release */,
			);
			defaultConfigurationIsVisible = 0;
			defaultConfigurationName = Release;
		};
		05D5B3BC240753080049EDED /* Build configuration list for PBXNativeTarget "RecallUITests" */ = {
			isa = XCConfigurationList;
			buildConfigurations = (
				05D5B3BD240753080049EDED /* Debug */,
				05D5B3BE240753080049EDED /* Release */,
			);
			defaultConfigurationIsVisible = 0;
			defaultConfigurationName = Release;
		};
/* End XCConfigurationList section */

/* Begin XCRemoteSwiftPackageReference section */
		05D60EB724079F71005CD73D /* XCRemoteSwiftPackageReference "Alamofire" */ = {
			isa = XCRemoteSwiftPackageReference;
			repositoryURL = "https://github.com/Alamofire/Alamofire.git";
			requirement = {
				kind = upToNextMajorVersion;
				minimumVersion = 5.0.2;
			};
		};
		7A459164240DF20300AD4CFF /* XCRemoteSwiftPackageReference "Kingfisher" */ = {
			isa = XCRemoteSwiftPackageReference;
			repositoryURL = "https://github.com/onevcat/Kingfisher.git";
			requirement = {
				kind = upToNextMajorVersion;
				minimumVersion = 5.13.2;
			};
		};
		7A459169240DF30500AD4CFF /* XCRemoteSwiftPackageReference "SwiftyJSON" */ = {
			isa = XCRemoteSwiftPackageReference;
			repositoryURL = "https://github.com/SwiftyJSON/SwiftyJSON.git";
			requirement = {
				kind = upToNextMajorVersion;
				minimumVersion = 5.0.0;
			};
		};
/* End XCRemoteSwiftPackageReference section */

/* Begin XCSwiftPackageProductDependency section */
		05D60EB824079F71005CD73D /* Alamofire */ = {
			isa = XCSwiftPackageProductDependency;
			package = 05D60EB724079F71005CD73D /* XCRemoteSwiftPackageReference "Alamofire" */;
			productName = Alamofire;
		};
		7A459165240DF20300AD4CFF /* Kingfisher */ = {
			isa = XCSwiftPackageProductDependency;
			package = 7A459164240DF20300AD4CFF /* XCRemoteSwiftPackageReference "Kingfisher" */;
			productName = Kingfisher;
		};
		7A459167240DF20300AD4CFF /* KingfisherSwiftUI */ = {
			isa = XCSwiftPackageProductDependency;
			package = 7A459164240DF20300AD4CFF /* XCRemoteSwiftPackageReference "Kingfisher" */;
			productName = KingfisherSwiftUI;
		};
		7A45916A240DF30500AD4CFF /* SwiftyJSON */ = {
			isa = XCSwiftPackageProductDependency;
			package = 7A459169240DF30500AD4CFF /* XCRemoteSwiftPackageReference "SwiftyJSON" */;
			productName = SwiftyJSON;
		};
/* End XCSwiftPackageProductDependency section */
	};
	rootObject = 05D5B381240753060049EDED /* Project object */;
}
