// !$*UTF8*$!
{
	archiveVersion = 1;
	classes = {
	};
	objectVersion = 52;
	objects = {

/* Begin PBXBuildFile section */
		05138F49240C9CEE00F8CC60 /* EventViewModel.swift in Sources */ = {isa = PBXBuildFile; fileRef = 05138F48240C9CEE00F8CC60 /* EventViewModel.swift */; };
		05138F4B240CA2E600F8CC60 /* HistoryEventRequest.swift in Sources */ = {isa = PBXBuildFile; fileRef = 05138F4A240CA2E600F8CC60 /* HistoryEventRequest.swift */; };
		05138F4D240CDCD200F8CC60 /* OpenAPI.swift in Sources */ = {isa = PBXBuildFile; fileRef = 05138F4C240CDCD200F8CC60 /* OpenAPI.swift */; };
		05138F50240D019C00F8CC60 /* EventListViewModel.swift in Sources */ = {isa = PBXBuildFile; fileRef = 05138F4F240D019C00F8CC60 /* EventListViewModel.swift */; };
		05138F53240D47EB00F8CC60 /* ReloadButton.swift in Sources */ = {isa = PBXBuildFile; fileRef = 05138F52240D47EB00F8CC60 /* ReloadButton.swift */; };
		056F003C243B281D0040F157 /* FoundationHelper.swift in Sources */ = {isa = PBXBuildFile; fileRef = 056F003B243B281D0040F157 /* FoundationHelper.swift */; };
		05AC99F52456F9F5005DC74A /* KingfisherSwiftUI in Frameworks */ = {isa = PBXBuildFile; productRef = 05AC99F42456F9F5005DC74A /* KingfisherSwiftUI */; };
		05D5B38D240753060049EDED /* AppDelegate.swift in Sources */ = {isa = PBXBuildFile; fileRef = 05D5B38C240753060049EDED /* AppDelegate.swift */; };
		05D5B396240753080049EDED /* Assets.xcassets in Resources */ = {isa = PBXBuildFile; fileRef = 05D5B395240753080049EDED /* Assets.xcassets */; };
		05D5B399240753080049EDED /* Preview Assets.xcassets in Resources */ = {isa = PBXBuildFile; fileRef = 05D5B398240753080049EDED /* Preview Assets.xcassets */; };
		05D5B39C240753080049EDED /* LaunchScreen.storyboard in Resources */ = {isa = PBXBuildFile; fileRef = 05D5B39A240753080049EDED /* LaunchScreen.storyboard */; };
		05D60EC82408E9C5005CD73D /* HistoryListView.swift in Sources */ = {isa = PBXBuildFile; fileRef = 05D60EC72408E9C5005CD73D /* HistoryListView.swift */; };
		05D60ED9240BAB29005CD73D /* IntroCellView.swift in Sources */ = {isa = PBXBuildFile; fileRef = 05D60ED8240BAB29005CD73D /* IntroCellView.swift */; };
		05E2B1E324318FD10004904F /* SwiftUIHelper.swift in Sources */ = {isa = PBXBuildFile; fileRef = 05E2B1E224318FD10004904F /* SwiftUIHelper.swift */; };
		05E2B1EB2431D3720004904F /* AppDelegate.swift in Sources */ = {isa = PBXBuildFile; fileRef = 05E2B1EA2431D3720004904F /* AppDelegate.swift */; };
		05E2B1ED2431D3720004904F /* ContentView.swift in Sources */ = {isa = PBXBuildFile; fileRef = 05E2B1EC2431D3720004904F /* ContentView.swift */; };
		05E2B1EF2431D3740004904F /* Assets.xcassets in Resources */ = {isa = PBXBuildFile; fileRef = 05E2B1EE2431D3740004904F /* Assets.xcassets */; };
		05E2B1F22431D3740004904F /* Preview Assets.xcassets in Resources */ = {isa = PBXBuildFile; fileRef = 05E2B1F12431D3740004904F /* Preview Assets.xcassets */; };
		05E2B1F52431D3740004904F /* Main.storyboard in Resources */ = {isa = PBXBuildFile; fileRef = 05E2B1F32431D3740004904F /* Main.storyboard */; };
		05E2B2032431D4FA0004904F /* Interface.storyboard in Resources */ = {isa = PBXBuildFile; fileRef = 05E2B2012431D4FA0004904F /* Interface.storyboard */; };
		05E2B2052431D4FA0004904F /* Assets.xcassets in Resources */ = {isa = PBXBuildFile; fileRef = 05E2B2042431D4FA0004904F /* Assets.xcassets */; };
		05E2B20C2431D4FB0004904F /* WatchRecall Extension.appex in Embed App Extensions */ = {isa = PBXBuildFile; fileRef = 05E2B20B2431D4FB0004904F /* WatchRecall Extension.appex */; settings = {ATTRIBUTES = (RemoveHeadersOnCopy, ); }; };
		05E2B2112431D4FB0004904F /* ContentView.swift in Sources */ = {isa = PBXBuildFile; fileRef = 05E2B2102431D4FB0004904F /* ContentView.swift */; };
		05E2B2132431D4FB0004904F /* HostingController.swift in Sources */ = {isa = PBXBuildFile; fileRef = 05E2B2122431D4FB0004904F /* HostingController.swift */; };
		05E2B2152431D4FB0004904F /* ExtensionDelegate.swift in Sources */ = {isa = PBXBuildFile; fileRef = 05E2B2142431D4FB0004904F /* ExtensionDelegate.swift */; };
		05E2B2172431D4FB0004904F /* NotificationController.swift in Sources */ = {isa = PBXBuildFile; fileRef = 05E2B2162431D4FB0004904F /* NotificationController.swift */; };
		05E2B2192431D4FB0004904F /* NotificationView.swift in Sources */ = {isa = PBXBuildFile; fileRef = 05E2B2182431D4FB0004904F /* NotificationView.swift */; };
		05E2B21B2431D4FB0004904F /* Assets.xcassets in Resources */ = {isa = PBXBuildFile; fileRef = 05E2B21A2431D4FB0004904F /* Assets.xcassets */; };
		05E2B21E2431D4FB0004904F /* Preview Assets.xcassets in Resources */ = {isa = PBXBuildFile; fileRef = 05E2B21D2431D4FB0004904F /* Preview Assets.xcassets */; };
		05E2B2232431D4FB0004904F /* WatchRecall.app in Embed Watch Content */ = {isa = PBXBuildFile; fileRef = 05E2B1FF2431D4FA0004904F /* WatchRecall.app */; settings = {ATTRIBUTES = (RemoveHeadersOnCopy, ); }; };
		05E2B22D2431DAEC0004904F /* HistoryEvent.swift in Sources */ = {isa = PBXBuildFile; fileRef = 05F46516240C245700B86A91 /* HistoryEvent.swift */; };
		05E2B22E2431DAEC0004904F /* EventViewModel.swift in Sources */ = {isa = PBXBuildFile; fileRef = 05138F48240C9CEE00F8CC60 /* EventViewModel.swift */; };
		05E2B22F2431DAEC0004904F /* EventListViewModel.swift in Sources */ = {isa = PBXBuildFile; fileRef = 05138F4F240D019C00F8CC60 /* EventListViewModel.swift */; };
		05E2B2302431DAF80004904F /* OpenAPI.swift in Sources */ = {isa = PBXBuildFile; fileRef = 05138F4C240CDCD200F8CC60 /* OpenAPI.swift */; };
		05E2B2312431DAF80004904F /* HistoryEventRequest.swift in Sources */ = {isa = PBXBuildFile; fileRef = 05138F4A240CA2E600F8CC60 /* HistoryEventRequest.swift */; };
		05E2B2322431DAF80004904F /* SwiftUIHelper.swift in Sources */ = {isa = PBXBuildFile; fileRef = 05E2B1E224318FD10004904F /* SwiftUIHelper.swift */; };
		05E2B2332431DB1B0004904F /* HistoryEvent.swift in Sources */ = {isa = PBXBuildFile; fileRef = 05F46516240C245700B86A91 /* HistoryEvent.swift */; };
		05E2B2342431DB1B0004904F /* EventViewModel.swift in Sources */ = {isa = PBXBuildFile; fileRef = 05138F48240C9CEE00F8CC60 /* EventViewModel.swift */; };
		05E2B2352431DB1B0004904F /* EventListViewModel.swift in Sources */ = {isa = PBXBuildFile; fileRef = 05138F4F240D019C00F8CC60 /* EventListViewModel.swift */; };
		05E2B2362431DB1B0004904F /* OpenAPI.swift in Sources */ = {isa = PBXBuildFile; fileRef = 05138F4C240CDCD200F8CC60 /* OpenAPI.swift */; };
		05E2B2372431DB1B0004904F /* HistoryEventRequest.swift in Sources */ = {isa = PBXBuildFile; fileRef = 05138F4A240CA2E600F8CC60 /* HistoryEventRequest.swift */; };
		05E2B2382431DB1B0004904F /* SwiftUIHelper.swift in Sources */ = {isa = PBXBuildFile; fileRef = 05E2B1E224318FD10004904F /* SwiftUIHelper.swift */; };
		05E2B2402431F64E0004904F /* UserNotifications.framework in Frameworks */ = {isa = PBXBuildFile; fileRef = 05E2B23F2431F64E0004904F /* UserNotifications.framework */; };
		05E2B2422431F64E0004904F /* UserNotificationsUI.framework in Frameworks */ = {isa = PBXBuildFile; fileRef = 05E2B2412431F64E0004904F /* UserNotificationsUI.framework */; };
		05E2B2452431F64F0004904F /* NotificationViewController.swift in Sources */ = {isa = PBXBuildFile; fileRef = 05E2B2442431F64F0004904F /* NotificationViewController.swift */; };
		05E2B2482431F64F0004904F /* MainInterface.storyboard in Resources */ = {isa = PBXBuildFile; fileRef = 05E2B2462431F64F0004904F /* MainInterface.storyboard */; };
		05E2B24C2431F64F0004904F /* RecallNotification.appex in Embed App Extensions */ = {isa = PBXBuildFile; fileRef = 05E2B23D2431F64E0004904F /* RecallNotification.appex */; settings = {ATTRIBUTES = (RemoveHeadersOnCopy, ); }; };
		05E2B2582431F66F0004904F /* NotificationService.swift in Sources */ = {isa = PBXBuildFile; fileRef = 05E2B2572431F66F0004904F /* NotificationService.swift */; };
		05E2B25C2431F66F0004904F /* RecallNotificationService.appex in Embed App Extensions */ = {isa = PBXBuildFile; fileRef = 05E2B2552431F66F0004904F /* RecallNotificationService.appex */; settings = {ATTRIBUTES = (RemoveHeadersOnCopy, ); }; };
		05E2B2642432E0080004904F /* DeviceHelper.swift in Sources */ = {isa = PBXBuildFile; fileRef = 05E2B2632432E0080004904F /* DeviceHelper.swift */; };
		05E2B26724332CB60004904F /* UserSettingView.swift in Sources */ = {isa = PBXBuildFile; fileRef = 05E2B26624332CB60004904F /* UserSettingView.swift */; };
		05E2B26B2433339A0004904F /* NotificationSetting.swift in Sources */ = {isa = PBXBuildFile; fileRef = 05E2B26A2433339A0004904F /* NotificationSetting.swift */; };
		05E2B26F2433360A0004904F /* NotificationSettingViewModel.swift in Sources */ = {isa = PBXBuildFile; fileRef = 05E2B26E2433360A0004904F /* NotificationSettingViewModel.swift */; };
		05E2B27224336BD30004904F /* NotificationService.swift in Sources */ = {isa = PBXBuildFile; fileRef = 05E2B27124336BD30004904F /* NotificationService.swift */; };
		05F46517240C245700B86A91 /* HistoryEvent.swift in Sources */ = {isa = PBXBuildFile; fileRef = 05F46516240C245700B86A91 /* HistoryEvent.swift */; };
		7A7446C22421BBE00065C2F1 /* HistoryDetailView.swift in Sources */ = {isa = PBXBuildFile; fileRef = 7A7446C12421BBE00065C2F1 /* HistoryDetailView.swift */; };
/* End PBXBuildFile section */

/* Begin PBXContainerItemProxy section */
		05E2B20D2431D4FB0004904F /* PBXContainerItemProxy */ = {
			isa = PBXContainerItemProxy;
			containerPortal = 05D5B381240753060049EDED /* Project object */;
			proxyType = 1;
			remoteGlobalIDString = 05E2B20A2431D4FB0004904F;
			remoteInfo = "WatchRecall Extension";
		};
		05E2B2212431D4FB0004904F /* PBXContainerItemProxy */ = {
			isa = PBXContainerItemProxy;
			containerPortal = 05D5B381240753060049EDED /* Project object */;
			proxyType = 1;
			remoteGlobalIDString = 05E2B1FE2431D4FA0004904F;
			remoteInfo = WatchRecall;
		};
		05E2B24A2431F64F0004904F /* PBXContainerItemProxy */ = {
			isa = PBXContainerItemProxy;
			containerPortal = 05D5B381240753060049EDED /* Project object */;
			proxyType = 1;
			remoteGlobalIDString = 05E2B23C2431F64E0004904F;
			remoteInfo = RecallNotification;
		};
		05E2B25A2431F66F0004904F /* PBXContainerItemProxy */ = {
			isa = PBXContainerItemProxy;
			containerPortal = 05D5B381240753060049EDED /* Project object */;
			proxyType = 1;
			remoteGlobalIDString = 05E2B2542431F66F0004904F;
			remoteInfo = RecallNotificationService;
		};
/* End PBXContainerItemProxy section */

/* Begin PBXCopyFilesBuildPhase section */
		05E2B2272431D4FB0004904F /* Embed App Extensions */ = {
			isa = PBXCopyFilesBuildPhase;
			buildActionMask = 2147483647;
			dstPath = "";
			dstSubfolderSpec = 13;
			files = (
				05E2B20C2431D4FB0004904F /* WatchRecall Extension.appex in Embed App Extensions */,
			);
			name = "Embed App Extensions";
			runOnlyForDeploymentPostprocessing = 0;
		};
		05E2B22B2431D4FB0004904F /* Embed Watch Content */ = {
			isa = PBXCopyFilesBuildPhase;
			buildActionMask = 2147483647;
			dstPath = "$(CONTENTS_FOLDER_PATH)/Watch";
			dstSubfolderSpec = 16;
			files = (
				05E2B2232431D4FB0004904F /* WatchRecall.app in Embed Watch Content */,
			);
			name = "Embed Watch Content";
			runOnlyForDeploymentPostprocessing = 0;
		};
		05E2B2502431F64F0004904F /* Embed App Extensions */ = {
			isa = PBXCopyFilesBuildPhase;
			buildActionMask = 2147483647;
			dstPath = "";
			dstSubfolderSpec = 13;
			files = (
				05E2B25C2431F66F0004904F /* RecallNotificationService.appex in Embed App Extensions */,
				05E2B24C2431F64F0004904F /* RecallNotification.appex in Embed App Extensions */,
			);
			name = "Embed App Extensions";
			runOnlyForDeploymentPostprocessing = 0;
		};
		05F2E09A243C7A6B007D7C5D /* Embed Frameworks */ = {
			isa = PBXCopyFilesBuildPhase;
			buildActionMask = 2147483647;
			dstPath = "";
			dstSubfolderSpec = 10;
			files = (
			);
			name = "Embed Frameworks";
			runOnlyForDeploymentPostprocessing = 0;
		};
/* End PBXCopyFilesBuildPhase section */

/* Begin PBXFileReference section */
		05138F48240C9CEE00F8CC60 /* EventViewModel.swift */ = {isa = PBXFileReference; lastKnownFileType = sourcecode.swift; path = EventViewModel.swift; sourceTree = "<group>"; };
		05138F4A240CA2E600F8CC60 /* HistoryEventRequest.swift */ = {isa = PBXFileReference; lastKnownFileType = sourcecode.swift; path = HistoryEventRequest.swift; sourceTree = "<group>"; };
		05138F4C240CDCD200F8CC60 /* OpenAPI.swift */ = {isa = PBXFileReference; lastKnownFileType = sourcecode.swift; path = OpenAPI.swift; sourceTree = "<group>"; };
		05138F4F240D019C00F8CC60 /* EventListViewModel.swift */ = {isa = PBXFileReference; lastKnownFileType = sourcecode.swift; path = EventListViewModel.swift; sourceTree = "<group>"; };
		05138F52240D47EB00F8CC60 /* ReloadButton.swift */ = {isa = PBXFileReference; lastKnownFileType = sourcecode.swift; path = ReloadButton.swift; sourceTree = "<group>"; };
		056F003B243B281D0040F157 /* FoundationHelper.swift */ = {isa = PBXFileReference; lastKnownFileType = sourcecode.swift; path = FoundationHelper.swift; sourceTree = "<group>"; };
		05D5B389240753060049EDED /* Recall.app */ = {isa = PBXFileReference; explicitFileType = wrapper.application; includeInIndex = 0; path = Recall.app; sourceTree = BUILT_PRODUCTS_DIR; };
		05D5B38C240753060049EDED /* AppDelegate.swift */ = {isa = PBXFileReference; lastKnownFileType = sourcecode.swift; path = AppDelegate.swift; sourceTree = "<group>"; };
		05D5B395240753080049EDED /* Assets.xcassets */ = {isa = PBXFileReference; lastKnownFileType = folder.assetcatalog; path = Assets.xcassets; sourceTree = "<group>"; };
		05D5B398240753080049EDED /* Preview Assets.xcassets */ = {isa = PBXFileReference; lastKnownFileType = folder.assetcatalog; path = "Preview Assets.xcassets"; sourceTree = "<group>"; };
		05D5B39B240753080049EDED /* Base */ = {isa = PBXFileReference; lastKnownFileType = file.storyboard; name = Base; path = Base.lproj/LaunchScreen.storyboard; sourceTree = "<group>"; };
		05D5B39D240753080049EDED /* Info.plist */ = {isa = PBXFileReference; lastKnownFileType = text.plist.xml; path = Info.plist; sourceTree = "<group>"; };
		05D60EC72408E9C5005CD73D /* HistoryListView.swift */ = {isa = PBXFileReference; lastKnownFileType = sourcecode.swift; path = HistoryListView.swift; sourceTree = "<group>"; };
		05D60ED8240BAB29005CD73D /* IntroCellView.swift */ = {isa = PBXFileReference; lastKnownFileType = sourcecode.swift; path = IntroCellView.swift; sourceTree = "<group>"; };
		05E2B1E224318FD10004904F /* SwiftUIHelper.swift */ = {isa = PBXFileReference; lastKnownFileType = sourcecode.swift; path = SwiftUIHelper.swift; sourceTree = "<group>"; };
		05E2B1E82431D3720004904F /* MacRecall.app */ = {isa = PBXFileReference; explicitFileType = wrapper.application; includeInIndex = 0; path = MacRecall.app; sourceTree = BUILT_PRODUCTS_DIR; };
		05E2B1EA2431D3720004904F /* AppDelegate.swift */ = {isa = PBXFileReference; lastKnownFileType = sourcecode.swift; path = AppDelegate.swift; sourceTree = "<group>"; };
		05E2B1EC2431D3720004904F /* ContentView.swift */ = {isa = PBXFileReference; lastKnownFileType = sourcecode.swift; path = ContentView.swift; sourceTree = "<group>"; };
		05E2B1EE2431D3740004904F /* Assets.xcassets */ = {isa = PBXFileReference; lastKnownFileType = folder.assetcatalog; path = Assets.xcassets; sourceTree = "<group>"; };
		05E2B1F12431D3740004904F /* Preview Assets.xcassets */ = {isa = PBXFileReference; lastKnownFileType = folder.assetcatalog; path = "Preview Assets.xcassets"; sourceTree = "<group>"; };
		05E2B1F42431D3740004904F /* Base */ = {isa = PBXFileReference; lastKnownFileType = file.storyboard; name = Base; path = Base.lproj/Main.storyboard; sourceTree = "<group>"; };
		05E2B1F62431D3740004904F /* Info.plist */ = {isa = PBXFileReference; lastKnownFileType = text.plist.xml; path = Info.plist; sourceTree = "<group>"; };
		05E2B1F72431D3740004904F /* MacRecall.entitlements */ = {isa = PBXFileReference; lastKnownFileType = text.plist.entitlements; path = MacRecall.entitlements; sourceTree = "<group>"; };
		05E2B1FB2431D3E30004904F /* Recall.entitlements */ = {isa = PBXFileReference; fileEncoding = 4; lastKnownFileType = text.plist.entitlements; name = Recall.entitlements; path = Recall/Resource/Recall.entitlements; sourceTree = SOURCE_ROOT; };
		05E2B1FF2431D4FA0004904F /* WatchRecall.app */ = {isa = PBXFileReference; explicitFileType = wrapper.application; includeInIndex = 0; path = WatchRecall.app; sourceTree = BUILT_PRODUCTS_DIR; };
		05E2B2022431D4FA0004904F /* Base */ = {isa = PBXFileReference; lastKnownFileType = file.storyboard; name = Base; path = Base.lproj/Interface.storyboard; sourceTree = "<group>"; };
		05E2B2042431D4FA0004904F /* Assets.xcassets */ = {isa = PBXFileReference; lastKnownFileType = folder.assetcatalog; path = Assets.xcassets; sourceTree = "<group>"; };
		05E2B2062431D4FA0004904F /* Info.plist */ = {isa = PBXFileReference; lastKnownFileType = text.plist.xml; path = Info.plist; sourceTree = "<group>"; };
		05E2B20B2431D4FB0004904F /* WatchRecall Extension.appex */ = {isa = PBXFileReference; explicitFileType = "wrapper.app-extension"; includeInIndex = 0; path = "WatchRecall Extension.appex"; sourceTree = BUILT_PRODUCTS_DIR; };
		05E2B2102431D4FB0004904F /* ContentView.swift */ = {isa = PBXFileReference; lastKnownFileType = sourcecode.swift; path = ContentView.swift; sourceTree = "<group>"; };
		05E2B2122431D4FB0004904F /* HostingController.swift */ = {isa = PBXFileReference; lastKnownFileType = sourcecode.swift; path = HostingController.swift; sourceTree = "<group>"; };
		05E2B2142431D4FB0004904F /* ExtensionDelegate.swift */ = {isa = PBXFileReference; lastKnownFileType = sourcecode.swift; path = ExtensionDelegate.swift; sourceTree = "<group>"; };
		05E2B2162431D4FB0004904F /* NotificationController.swift */ = {isa = PBXFileReference; lastKnownFileType = sourcecode.swift; path = NotificationController.swift; sourceTree = "<group>"; };
		05E2B2182431D4FB0004904F /* NotificationView.swift */ = {isa = PBXFileReference; lastKnownFileType = sourcecode.swift; path = NotificationView.swift; sourceTree = "<group>"; };
		05E2B21A2431D4FB0004904F /* Assets.xcassets */ = {isa = PBXFileReference; lastKnownFileType = folder.assetcatalog; path = Assets.xcassets; sourceTree = "<group>"; };
		05E2B21D2431D4FB0004904F /* Preview Assets.xcassets */ = {isa = PBXFileReference; lastKnownFileType = folder.assetcatalog; path = "Preview Assets.xcassets"; sourceTree = "<group>"; };
		05E2B21F2431D4FB0004904F /* Info.plist */ = {isa = PBXFileReference; lastKnownFileType = text.plist.xml; path = Info.plist; sourceTree = "<group>"; };
		05E2B2202431D4FB0004904F /* PushNotificationPayload.apns */ = {isa = PBXFileReference; lastKnownFileType = text; path = PushNotificationPayload.apns; sourceTree = "<group>"; };
		05E2B23D2431F64E0004904F /* RecallNotification.appex */ = {isa = PBXFileReference; explicitFileType = "wrapper.app-extension"; includeInIndex = 0; path = RecallNotification.appex; sourceTree = BUILT_PRODUCTS_DIR; };
		05E2B23F2431F64E0004904F /* UserNotifications.framework */ = {isa = PBXFileReference; lastKnownFileType = wrapper.framework; name = UserNotifications.framework; path = System/Library/Frameworks/UserNotifications.framework; sourceTree = SDKROOT; };
		05E2B2412431F64E0004904F /* UserNotificationsUI.framework */ = {isa = PBXFileReference; lastKnownFileType = wrapper.framework; name = UserNotificationsUI.framework; path = System/Library/Frameworks/UserNotificationsUI.framework; sourceTree = SDKROOT; };
		05E2B2442431F64F0004904F /* NotificationViewController.swift */ = {isa = PBXFileReference; lastKnownFileType = sourcecode.swift; path = NotificationViewController.swift; sourceTree = "<group>"; };
		05E2B2472431F64F0004904F /* Base */ = {isa = PBXFileReference; lastKnownFileType = file.storyboard; name = Base; path = Base.lproj/MainInterface.storyboard; sourceTree = "<group>"; };
		05E2B2492431F64F0004904F /* Info.plist */ = {isa = PBXFileReference; lastKnownFileType = text.plist.xml; path = Info.plist; sourceTree = "<group>"; };
		05E2B2552431F66F0004904F /* RecallNotificationService.appex */ = {isa = PBXFileReference; explicitFileType = "wrapper.app-extension"; includeInIndex = 0; path = RecallNotificationService.appex; sourceTree = BUILT_PRODUCTS_DIR; };
		05E2B2572431F66F0004904F /* NotificationService.swift */ = {isa = PBXFileReference; lastKnownFileType = sourcecode.swift; path = NotificationService.swift; sourceTree = "<group>"; };
		05E2B2592431F66F0004904F /* Info.plist */ = {isa = PBXFileReference; lastKnownFileType = text.plist.xml; path = Info.plist; sourceTree = "<group>"; };
		05E2B2632432E0080004904F /* DeviceHelper.swift */ = {isa = PBXFileReference; lastKnownFileType = sourcecode.swift; path = DeviceHelper.swift; sourceTree = "<group>"; };
		05E2B26624332CB60004904F /* UserSettingView.swift */ = {isa = PBXFileReference; lastKnownFileType = sourcecode.swift; path = UserSettingView.swift; sourceTree = "<group>"; };
		05E2B26A2433339A0004904F /* NotificationSetting.swift */ = {isa = PBXFileReference; lastKnownFileType = sourcecode.swift; path = NotificationSetting.swift; sourceTree = "<group>"; };
		05E2B26E2433360A0004904F /* NotificationSettingViewModel.swift */ = {isa = PBXFileReference; lastKnownFileType = sourcecode.swift; path = NotificationSettingViewModel.swift; sourceTree = "<group>"; };
		05E2B27124336BD30004904F /* NotificationService.swift */ = {isa = PBXFileReference; lastKnownFileType = sourcecode.swift; path = NotificationService.swift; sourceTree = "<group>"; };
		05F46516240C245700B86A91 /* HistoryEvent.swift */ = {isa = PBXFileReference; lastKnownFileType = sourcecode.swift; path = HistoryEvent.swift; sourceTree = "<group>"; };
		7A7446C12421BBE00065C2F1 /* HistoryDetailView.swift */ = {isa = PBXFileReference; lastKnownFileType = sourcecode.swift; path = HistoryDetailView.swift; sourceTree = "<group>"; };
/* End PBXFileReference section */

/* Begin PBXFrameworksBuildPhase section */
		05D5B386240753060049EDED /* Frameworks */ = {
			isa = PBXFrameworksBuildPhase;
			buildActionMask = 2147483647;
			files = (
				05AC99F52456F9F5005DC74A /* KingfisherSwiftUI in Frameworks */,
			);
			runOnlyForDeploymentPostprocessing = 0;
		};
		05E2B1E52431D3720004904F /* Frameworks */ = {
			isa = PBXFrameworksBuildPhase;
			buildActionMask = 2147483647;
			files = (
			);
			runOnlyForDeploymentPostprocessing = 0;
		};
		05E2B2082431D4FB0004904F /* Frameworks */ = {
			isa = PBXFrameworksBuildPhase;
			buildActionMask = 2147483647;
			files = (
			);
			runOnlyForDeploymentPostprocessing = 0;
		};
		05E2B23A2431F64E0004904F /* Frameworks */ = {
			isa = PBXFrameworksBuildPhase;
			buildActionMask = 2147483647;
			files = (
				05E2B2422431F64E0004904F /* UserNotificationsUI.framework in Frameworks */,
				05E2B2402431F64E0004904F /* UserNotifications.framework in Frameworks */,
			);
			runOnlyForDeploymentPostprocessing = 0;
		};
		05E2B2522431F66F0004904F /* Frameworks */ = {
			isa = PBXFrameworksBuildPhase;
			buildActionMask = 2147483647;
			files = (
			);
			runOnlyForDeploymentPostprocessing = 0;
		};
/* End PBXFrameworksBuildPhase section */

/* Begin PBXGroup section */
		05138F46240C97D000F8CC60 /* ViewModel */ = {
			isa = PBXGroup;
			children = (
				05138F48240C9CEE00F8CC60 /* EventViewModel.swift */,
				05138F4F240D019C00F8CC60 /* EventListViewModel.swift */,
			);
			path = ViewModel;
			sourceTree = "<group>";
		};
		05138F47240C9CD500F8CC60 /* Model */ = {
			isa = PBXGroup;
			children = (
				05F46514240C242A00B86A91 /* DataModel */,
				05138F46240C97D000F8CC60 /* ViewModel */,
			);
			path = Model;
			sourceTree = "<group>";
		};
		05138F4E240CE11400F8CC60 /* Request */ = {
			isa = PBXGroup;
			children = (
				05138F4A240CA2E600F8CC60 /* HistoryEventRequest.swift */,
			);
			path = Request;
			sourceTree = "<group>";
		};
		05D5B380240753060049EDED = {
			isa = PBXGroup;
			children = (
				05D5B38B240753060049EDED /* Recall */,
				05E2B1E92431D3720004904F /* MacRecall */,
				05E2B2002431D4FA0004904F /* WatchRecall */,
				05E2B20F2431D4FB0004904F /* WatchRecall Extension */,
				05E2B2432431F64F0004904F /* RecallNotification */,
				05E2B2562431F66F0004904F /* RecallNotificationService */,
				05E2B23E2431F64E0004904F /* Frameworks */,
				05D5B38A240753060049EDED /* Products */,
			);
			sourceTree = "<group>";
		};
		05D5B38A240753060049EDED /* Products */ = {
			isa = PBXGroup;
			children = (
				05D5B389240753060049EDED /* Recall.app */,
				05E2B1E82431D3720004904F /* MacRecall.app */,
				05E2B1FF2431D4FA0004904F /* WatchRecall.app */,
				05E2B20B2431D4FB0004904F /* WatchRecall Extension.appex */,
				05E2B23D2431F64E0004904F /* RecallNotification.appex */,
				05E2B2552431F66F0004904F /* RecallNotificationService.appex */,
			);
			name = Products;
			sourceTree = "<group>";
		};
		05D5B38B240753060049EDED /* Recall */ = {
			isa = PBXGroup;
			children = (
				05D5B38C240753060049EDED /* AppDelegate.swift */,
				05D60EC42408E337005CD73D /* Feature */,
				05D60EC32408C482005CD73D /* Network */,
				05E2B27024336BAE0004904F /* Service */,
				05E2B1E124318F840004904F /* Util */,
				05D60EC52408E3C3005CD73D /* Resource */,
			);
			path = Recall;
			sourceTree = "<group>";
		};
		05D5B397240753080049EDED /* Preview Content */ = {
			isa = PBXGroup;
			children = (
				05D5B398240753080049EDED /* Preview Assets.xcassets */,
			);
			path = "Preview Content";
			sourceTree = "<group>";
		};
		05D60EC32408C482005CD73D /* Network */ = {
			isa = PBXGroup;
			children = (
				05138F4C240CDCD200F8CC60 /* OpenAPI.swift */,
				05138F4E240CE11400F8CC60 /* Request */,
			);
			path = Network;
			sourceTree = "<group>";
		};
		05D60EC42408E337005CD73D /* Feature */ = {
			isa = PBXGroup;
			children = (
				05D60EC62408E9AD005CD73D /* History */,
				05E2B26524332C910004904F /* Settings */,
			);
			path = Feature;
			sourceTree = "<group>";
		};
		05D60EC52408E3C3005CD73D /* Resource */ = {
			isa = PBXGroup;
			children = (
				05D5B397240753080049EDED /* Preview Content */,
				05D5B395240753080049EDED /* Assets.xcassets */,
				05E2B1FB2431D3E30004904F /* Recall.entitlements */,
				05D5B39A240753080049EDED /* LaunchScreen.storyboard */,
				05D5B39D240753080049EDED /* Info.plist */,
			);
			path = Resource;
			sourceTree = "<group>";
		};
		05D60EC62408E9AD005CD73D /* History */ = {
			isa = PBXGroup;
			children = (
				05138F47240C9CD500F8CC60 /* Model */,
				05F46515240C243200B86A91 /* View */,
			);
			path = History;
			sourceTree = "<group>";
		};
		05E2B1E124318F840004904F /* Util */ = {
			isa = PBXGroup;
			children = (
				05E2B1E224318FD10004904F /* SwiftUIHelper.swift */,
				05E2B2632432E0080004904F /* DeviceHelper.swift */,
				056F003B243B281D0040F157 /* FoundationHelper.swift */,
			);
			path = Util;
			sourceTree = "<group>";
		};
		05E2B1E92431D3720004904F /* MacRecall */ = {
			isa = PBXGroup;
			children = (
				05E2B1EA2431D3720004904F /* AppDelegate.swift */,
				05E2B1EC2431D3720004904F /* ContentView.swift */,
				05E2B1FC2431D4090004904F /* Resource */,
			);
			path = MacRecall;
			sourceTree = "<group>";
		};
		05E2B1F02431D3740004904F /* Preview Content */ = {
			isa = PBXGroup;
			children = (
				05E2B1F12431D3740004904F /* Preview Assets.xcassets */,
			);
			path = "Preview Content";
			sourceTree = "<group>";
		};
		05E2B1FC2431D4090004904F /* Resource */ = {
			isa = PBXGroup;
			children = (
				05E2B1F02431D3740004904F /* Preview Content */,
				05E2B1EE2431D3740004904F /* Assets.xcassets */,
				05E2B1F32431D3740004904F /* Main.storyboard */,
				05E2B1F62431D3740004904F /* Info.plist */,
				05E2B1F72431D3740004904F /* MacRecall.entitlements */,
			);
			path = Resource;
			sourceTree = "<group>";
		};
		05E2B2002431D4FA0004904F /* WatchRecall */ = {
			isa = PBXGroup;
			children = (
				05E2B2012431D4FA0004904F /* Interface.storyboard */,
				05E2B2042431D4FA0004904F /* Assets.xcassets */,
				05E2B2062431D4FA0004904F /* Info.plist */,
			);
			path = WatchRecall;
			sourceTree = "<group>";
		};
		05E2B20F2431D4FB0004904F /* WatchRecall Extension */ = {
			isa = PBXGroup;
			children = (
				05E2B22C2431D5770004904F /* Resource */,
				05E2B2102431D4FB0004904F /* ContentView.swift */,
				05E2B2122431D4FB0004904F /* HostingController.swift */,
				05E2B2142431D4FB0004904F /* ExtensionDelegate.swift */,
				05E2B2162431D4FB0004904F /* NotificationController.swift */,
				05E2B2182431D4FB0004904F /* NotificationView.swift */,
			);
			path = "WatchRecall Extension";
			sourceTree = "<group>";
		};
		05E2B21C2431D4FB0004904F /* Preview Content */ = {
			isa = PBXGroup;
			children = (
				05E2B21D2431D4FB0004904F /* Preview Assets.xcassets */,
			);
			path = "Preview Content";
			sourceTree = "<group>";
		};
		05E2B22C2431D5770004904F /* Resource */ = {
			isa = PBXGroup;
			children = (
				05E2B21A2431D4FB0004904F /* Assets.xcassets */,
				05E2B21F2431D4FB0004904F /* Info.plist */,
				05E2B2202431D4FB0004904F /* PushNotificationPayload.apns */,
				05E2B21C2431D4FB0004904F /* Preview Content */,
			);
			path = Resource;
			sourceTree = "<group>";
		};
		05E2B23E2431F64E0004904F /* Frameworks */ = {
			isa = PBXGroup;
			children = (
				05E2B23F2431F64E0004904F /* UserNotifications.framework */,
				05E2B2412431F64E0004904F /* UserNotificationsUI.framework */,
			);
			name = Frameworks;
			sourceTree = "<group>";
		};
		05E2B2432431F64F0004904F /* RecallNotification */ = {
			isa = PBXGroup;
			children = (
				05E2B2442431F64F0004904F /* NotificationViewController.swift */,
				05E2B2462431F64F0004904F /* MainInterface.storyboard */,
				05E2B2492431F64F0004904F /* Info.plist */,
			);
			path = RecallNotification;
			sourceTree = "<group>";
		};
		05E2B2562431F66F0004904F /* RecallNotificationService */ = {
			isa = PBXGroup;
			children = (
				05E2B2572431F66F0004904F /* NotificationService.swift */,
				05E2B2592431F66F0004904F /* Info.plist */,
			);
			path = RecallNotificationService;
			sourceTree = "<group>";
		};
		05E2B26524332C910004904F /* Settings */ = {
			isa = PBXGroup;
			children = (
				05E2B269243332610004904F /* Model */,
				05E2B268243332560004904F /* View */,
			);
			path = Settings;
			sourceTree = "<group>";
		};
		05E2B268243332560004904F /* View */ = {
			isa = PBXGroup;
			children = (
				05E2B26624332CB60004904F /* UserSettingView.swift */,
			);
			path = View;
			sourceTree = "<group>";
		};
		05E2B269243332610004904F /* Model */ = {
			isa = PBXGroup;
			children = (
				05E2B26D243335E60004904F /* ViewModel */,
				05E2B26C243335D70004904F /* DataModel */,
			);
			path = Model;
			sourceTree = "<group>";
		};
		05E2B26C243335D70004904F /* DataModel */ = {
			isa = PBXGroup;
			children = (
				05E2B26A2433339A0004904F /* NotificationSetting.swift */,
			);
			path = DataModel;
			sourceTree = "<group>";
		};
		05E2B26D243335E60004904F /* ViewModel */ = {
			isa = PBXGroup;
			children = (
				05E2B26E2433360A0004904F /* NotificationSettingViewModel.swift */,
			);
			path = ViewModel;
			sourceTree = "<group>";
		};
		05E2B27024336BAE0004904F /* Service */ = {
			isa = PBXGroup;
			children = (
				05E2B27124336BD30004904F /* NotificationService.swift */,
			);
			path = Service;
			sourceTree = "<group>";
		};
		05F46514240C242A00B86A91 /* DataModel */ = {
			isa = PBXGroup;
			children = (
				05F46516240C245700B86A91 /* HistoryEvent.swift */,
			);
			path = DataModel;
			sourceTree = "<group>";
		};
		05F46515240C243200B86A91 /* View */ = {
			isa = PBXGroup;
			children = (
				05138F52240D47EB00F8CC60 /* ReloadButton.swift */,
				05D60ED8240BAB29005CD73D /* IntroCellView.swift */,
				7A7446C12421BBE00065C2F1 /* HistoryDetailView.swift */,
				05D60EC72408E9C5005CD73D /* HistoryListView.swift */,
			);
			path = View;
			sourceTree = "<group>";
		};
/* End PBXGroup section */

/* Begin PBXNativeTarget section */
		05D5B388240753060049EDED /* Recall */ = {
			isa = PBXNativeTarget;
			buildConfigurationList = 05D5B3B6240753080049EDED /* Build configuration list for PBXNativeTarget "Recall" */;
			buildPhases = (
				05D5B385240753060049EDED /* Sources */,
				05D5B386240753060049EDED /* Frameworks */,
				05D5B387240753060049EDED /* Resources */,
				05E2B22B2431D4FB0004904F /* Embed Watch Content */,
				05E2B2502431F64F0004904F /* Embed App Extensions */,
				05F2E09A243C7A6B007D7C5D /* Embed Frameworks */,
			);
			buildRules = (
			);
			dependencies = (
				05E2B2222431D4FB0004904F /* PBXTargetDependency */,
				05E2B24B2431F64F0004904F /* PBXTargetDependency */,
				05E2B25B2431F66F0004904F /* PBXTargetDependency */,
			);
			name = Recall;
			packageProductDependencies = (
				05AC99F42456F9F5005DC74A /* KingfisherSwiftUI */,
			);
			productName = Recall;
			productReference = 05D5B389240753060049EDED /* Recall.app */;
			productType = "com.apple.product-type.application";
		};
		05E2B1E72431D3720004904F /* MacRecall */ = {
			isa = PBXNativeTarget;
			buildConfigurationList = 05E2B1F82431D3740004904F /* Build configuration list for PBXNativeTarget "MacRecall" */;
			buildPhases = (
				05E2B1E42431D3720004904F /* Sources */,
				05E2B1E52431D3720004904F /* Frameworks */,
				05E2B1E62431D3720004904F /* Resources */,
			);
			buildRules = (
			);
			dependencies = (
			);
			name = MacRecall;
			productName = MacRecall;
			productReference = 05E2B1E82431D3720004904F /* MacRecall.app */;
			productType = "com.apple.product-type.application";
		};
		05E2B1FE2431D4FA0004904F /* WatchRecall */ = {
			isa = PBXNativeTarget;
			buildConfigurationList = 05E2B2282431D4FB0004904F /* Build configuration list for PBXNativeTarget "WatchRecall" */;
			buildPhases = (
				05E2B1FD2431D4FA0004904F /* Resources */,
				05E2B2272431D4FB0004904F /* Embed App Extensions */,
			);
			buildRules = (
			);
			dependencies = (
				05E2B20E2431D4FB0004904F /* PBXTargetDependency */,
			);
			name = WatchRecall;
			productName = WatchRecall;
			productReference = 05E2B1FF2431D4FA0004904F /* WatchRecall.app */;
			productType = "com.apple.product-type.application.watchapp2";
		};
		05E2B20A2431D4FB0004904F /* WatchRecall Extension */ = {
			isa = PBXNativeTarget;
			buildConfigurationList = 05E2B2242431D4FB0004904F /* Build configuration list for PBXNativeTarget "WatchRecall Extension" */;
			buildPhases = (
				05E2B2072431D4FB0004904F /* Sources */,
				05E2B2082431D4FB0004904F /* Frameworks */,
				05E2B2092431D4FB0004904F /* Resources */,
			);
			buildRules = (
			);
			dependencies = (
			);
			name = "WatchRecall Extension";
			productName = "WatchRecall Extension";
			productReference = 05E2B20B2431D4FB0004904F /* WatchRecall Extension.appex */;
			productType = "com.apple.product-type.watchkit2-extension";
		};
		05E2B23C2431F64E0004904F /* RecallNotification */ = {
			isa = PBXNativeTarget;
			buildConfigurationList = 05E2B24D2431F64F0004904F /* Build configuration list for PBXNativeTarget "RecallNotification" */;
			buildPhases = (
				05E2B2392431F64E0004904F /* Sources */,
				05E2B23A2431F64E0004904F /* Frameworks */,
				05E2B23B2431F64E0004904F /* Resources */,
			);
			buildRules = (
			);
			dependencies = (
			);
			name = RecallNotification;
			productName = RecallNotification;
			productReference = 05E2B23D2431F64E0004904F /* RecallNotification.appex */;
			productType = "com.apple.product-type.app-extension";
		};
		05E2B2542431F66F0004904F /* RecallNotificationService */ = {
			isa = PBXNativeTarget;
			buildConfigurationList = 05E2B25D2431F66F0004904F /* Build configuration list for PBXNativeTarget "RecallNotificationService" */;
			buildPhases = (
				05E2B2512431F66F0004904F /* Sources */,
				05E2B2522431F66F0004904F /* Frameworks */,
				05E2B2532431F66F0004904F /* Resources */,
			);
			buildRules = (
			);
			dependencies = (
			);
			name = RecallNotificationService;
			productName = RecallNotificationService;
			productReference = 05E2B2552431F66F0004904F /* RecallNotificationService.appex */;
			productType = "com.apple.product-type.app-extension";
		};
/* End PBXNativeTarget section */

/* Begin PBXProject section */
		05D5B381240753060049EDED /* Project object */ = {
			isa = PBXProject;
			attributes = {
				LastSwiftUpdateCheck = 1140;
				LastUpgradeCheck = 1140;
				ORGANIZATIONNAME = "俞清源";
				TargetAttributes = {
					05D5B388240753060049EDED = {
						CreatedOnToolsVersion = 11.3.1;
					};
					05E2B1E72431D3720004904F = {
						CreatedOnToolsVersion = 11.4;
					};
					05E2B1FE2431D4FA0004904F = {
						CreatedOnToolsVersion = 11.4;
					};
					05E2B20A2431D4FB0004904F = {
						CreatedOnToolsVersion = 11.4;
					};
					05E2B23C2431F64E0004904F = {
						CreatedOnToolsVersion = 11.4;
					};
					05E2B2542431F66F0004904F = {
						CreatedOnToolsVersion = 11.4;
					};
				};
			};
			buildConfigurationList = 05D5B384240753060049EDED /* Build configuration list for PBXProject "Recall" */;
			compatibilityVersion = "Xcode 9.3";
			developmentRegion = en;
			hasScannedForEncodings = 0;
			knownRegions = (
				en,
				Base,
			);
			mainGroup = 05D5B380240753060049EDED;
			packageReferences = (
				05AC99F32456F9F5005DC74A /* XCRemoteSwiftPackageReference "Kingfisher" */,
			);
			productRefGroup = 05D5B38A240753060049EDED /* Products */;
			projectDirPath = "";
			projectRoot = "";
			targets = (
				05D5B388240753060049EDED /* Recall */,
				05E2B1E72431D3720004904F /* MacRecall */,
				05E2B1FE2431D4FA0004904F /* WatchRecall */,
				05E2B20A2431D4FB0004904F /* WatchRecall Extension */,
				05E2B23C2431F64E0004904F /* RecallNotification */,
				05E2B2542431F66F0004904F /* RecallNotificationService */,
			);
		};
/* End PBXProject section */

/* Begin PBXResourcesBuildPhase section */
		05D5B387240753060049EDED /* Resources */ = {
			isa = PBXResourcesBuildPhase;
			buildActionMask = 2147483647;
			files = (
				05D5B39C240753080049EDED /* LaunchScreen.storyboard in Resources */,
				05D5B399240753080049EDED /* Preview Assets.xcassets in Resources */,
				05D5B396240753080049EDED /* Assets.xcassets in Resources */,
			);
			runOnlyForDeploymentPostprocessing = 0;
		};
		05E2B1E62431D3720004904F /* Resources */ = {
			isa = PBXResourcesBuildPhase;
			buildActionMask = 2147483647;
			files = (
				05E2B1F52431D3740004904F /* Main.storyboard in Resources */,
				05E2B1F22431D3740004904F /* Preview Assets.xcassets in Resources */,
				05E2B1EF2431D3740004904F /* Assets.xcassets in Resources */,
			);
			runOnlyForDeploymentPostprocessing = 0;
		};
		05E2B1FD2431D4FA0004904F /* Resources */ = {
			isa = PBXResourcesBuildPhase;
			buildActionMask = 2147483647;
			files = (
				05E2B2052431D4FA0004904F /* Assets.xcassets in Resources */,
				05E2B2032431D4FA0004904F /* Interface.storyboard in Resources */,
			);
			runOnlyForDeploymentPostprocessing = 0;
		};
		05E2B2092431D4FB0004904F /* Resources */ = {
			isa = PBXResourcesBuildPhase;
			buildActionMask = 2147483647;
			files = (
				05E2B21E2431D4FB0004904F /* Preview Assets.xcassets in Resources */,
				05E2B21B2431D4FB0004904F /* Assets.xcassets in Resources */,
			);
			runOnlyForDeploymentPostprocessing = 0;
		};
		05E2B23B2431F64E0004904F /* Resources */ = {
			isa = PBXResourcesBuildPhase;
			buildActionMask = 2147483647;
			files = (
				05E2B2482431F64F0004904F /* MainInterface.storyboard in Resources */,
			);
			runOnlyForDeploymentPostprocessing = 0;
		};
		05E2B2532431F66F0004904F /* Resources */ = {
			isa = PBXResourcesBuildPhase;
			buildActionMask = 2147483647;
			files = (
			);
			runOnlyForDeploymentPostprocessing = 0;
		};
/* End PBXResourcesBuildPhase section */

/* Begin PBXSourcesBuildPhase section */
		05D5B385240753060049EDED /* Sources */ = {
			isa = PBXSourcesBuildPhase;
			buildActionMask = 2147483647;
			files = (
				05138F4D240CDCD200F8CC60 /* OpenAPI.swift in Sources */,
				05138F4B240CA2E600F8CC60 /* HistoryEventRequest.swift in Sources */,
				05138F50240D019C00F8CC60 /* EventListViewModel.swift in Sources */,
				05138F49240C9CEE00F8CC60 /* EventViewModel.swift in Sources */,
				05E2B26B2433339A0004904F /* NotificationSetting.swift in Sources */,
				05E2B27224336BD30004904F /* NotificationService.swift in Sources */,
				7A7446C22421BBE00065C2F1 /* HistoryDetailView.swift in Sources */,
				05E2B1E324318FD10004904F /* SwiftUIHelper.swift in Sources */,
				05F46517240C245700B86A91 /* HistoryEvent.swift in Sources */,
				056F003C243B281D0040F157 /* FoundationHelper.swift in Sources */,
				05138F53240D47EB00F8CC60 /* ReloadButton.swift in Sources */,
				05E2B2642432E0080004904F /* DeviceHelper.swift in Sources */,
				05D60EC82408E9C5005CD73D /* HistoryListView.swift in Sources */,
				05D60ED9240BAB29005CD73D /* IntroCellView.swift in Sources */,
				05E2B26724332CB60004904F /* UserSettingView.swift in Sources */,
				05E2B26F2433360A0004904F /* NotificationSettingViewModel.swift in Sources */,
				05D5B38D240753060049EDED /* AppDelegate.swift in Sources */,
			);
			runOnlyForDeploymentPostprocessing = 0;
		};
		05E2B1E42431D3720004904F /* Sources */ = {
			isa = PBXSourcesBuildPhase;
			buildActionMask = 2147483647;
			files = (
				05E2B2302431DAF80004904F /* OpenAPI.swift in Sources */,
				05E2B2322431DAF80004904F /* SwiftUIHelper.swift in Sources */,
				05E2B2312431DAF80004904F /* HistoryEventRequest.swift in Sources */,
				05E2B1ED2431D3720004904F /* ContentView.swift in Sources */,
				05E2B22E2431DAEC0004904F /* EventViewModel.swift in Sources */,
				05E2B22F2431DAEC0004904F /* EventListViewModel.swift in Sources */,
				05E2B1EB2431D3720004904F /* AppDelegate.swift in Sources */,
				05E2B22D2431DAEC0004904F /* HistoryEvent.swift in Sources */,
			);
			runOnlyForDeploymentPostprocessing = 0;
		};
		05E2B2072431D4FB0004904F /* Sources */ = {
			isa = PBXSourcesBuildPhase;
			buildActionMask = 2147483647;
			files = (
				05E2B2362431DB1B0004904F /* OpenAPI.swift in Sources */,
				05E2B2132431D4FB0004904F /* HostingController.swift in Sources */,
				05E2B2112431D4FB0004904F /* ContentView.swift in Sources */,
				05E2B2172431D4FB0004904F /* NotificationController.swift in Sources */,
				05E2B2382431DB1B0004904F /* SwiftUIHelper.swift in Sources */,
				05E2B2152431D4FB0004904F /* ExtensionDelegate.swift in Sources */,
				05E2B2372431DB1B0004904F /* HistoryEventRequest.swift in Sources */,
				05E2B2192431D4FB0004904F /* NotificationView.swift in Sources */,
				05E2B2352431DB1B0004904F /* EventListViewModel.swift in Sources */,
				05E2B2342431DB1B0004904F /* EventViewModel.swift in Sources */,
				05E2B2332431DB1B0004904F /* HistoryEvent.swift in Sources */,
			);
			runOnlyForDeploymentPostprocessing = 0;
		};
		05E2B2392431F64E0004904F /* Sources */ = {
			isa = PBXSourcesBuildPhase;
			buildActionMask = 2147483647;
			files = (
				05E2B2452431F64F0004904F /* NotificationViewController.swift in Sources */,
			);
			runOnlyForDeploymentPostprocessing = 0;
		};
		05E2B2512431F66F0004904F /* Sources */ = {
			isa = PBXSourcesBuildPhase;
			buildActionMask = 2147483647;
			files = (
				05E2B2582431F66F0004904F /* NotificationService.swift in Sources */,
			);
			runOnlyForDeploymentPostprocessing = 0;
		};
/* End PBXSourcesBuildPhase section */

/* Begin PBXTargetDependency section */
		05E2B20E2431D4FB0004904F /* PBXTargetDependency */ = {
			isa = PBXTargetDependency;
			target = 05E2B20A2431D4FB0004904F /* WatchRecall Extension */;
			targetProxy = 05E2B20D2431D4FB0004904F /* PBXContainerItemProxy */;
		};
		05E2B2222431D4FB0004904F /* PBXTargetDependency */ = {
			isa = PBXTargetDependency;
			target = 05E2B1FE2431D4FA0004904F /* WatchRecall */;
			targetProxy = 05E2B2212431D4FB0004904F /* PBXContainerItemProxy */;
		};
		05E2B24B2431F64F0004904F /* PBXTargetDependency */ = {
			isa = PBXTargetDependency;
			target = 05E2B23C2431F64E0004904F /* RecallNotification */;
			targetProxy = 05E2B24A2431F64F0004904F /* PBXContainerItemProxy */;
		};
		05E2B25B2431F66F0004904F /* PBXTargetDependency */ = {
			isa = PBXTargetDependency;
			target = 05E2B2542431F66F0004904F /* RecallNotificationService */;
			targetProxy = 05E2B25A2431F66F0004904F /* PBXContainerItemProxy */;
		};
/* End PBXTargetDependency section */

/* Begin PBXVariantGroup section */
		05D5B39A240753080049EDED /* LaunchScreen.storyboard */ = {
			isa = PBXVariantGroup;
			children = (
				05D5B39B240753080049EDED /* Base */,
			);
			name = LaunchScreen.storyboard;
			sourceTree = "<group>";
		};
		05E2B1F32431D3740004904F /* Main.storyboard */ = {
			isa = PBXVariantGroup;
			children = (
				05E2B1F42431D3740004904F /* Base */,
			);
			name = Main.storyboard;
			sourceTree = "<group>";
		};
		05E2B2012431D4FA0004904F /* Interface.storyboard */ = {
			isa = PBXVariantGroup;
			children = (
				05E2B2022431D4FA0004904F /* Base */,
			);
			name = Interface.storyboard;
			sourceTree = "<group>";
		};
		05E2B2462431F64F0004904F /* MainInterface.storyboard */ = {
			isa = PBXVariantGroup;
			children = (
				05E2B2472431F64F0004904F /* Base */,
			);
			name = MainInterface.storyboard;
			sourceTree = "<group>";
		};
/* End PBXVariantGroup section */

/* Begin XCBuildConfiguration section */
		05D5B3B4240753080049EDED /* Debug */ = {
			isa = XCBuildConfiguration;
			buildSettings = {
				ALWAYS_SEARCH_USER_PATHS = NO;
				CLANG_ANALYZER_NONNULL = YES;
				CLANG_ANALYZER_NUMBER_OBJECT_CONVERSION = YES_AGGRESSIVE;
				CLANG_CXX_LANGUAGE_STANDARD = "gnu++14";
				CLANG_CXX_LIBRARY = "libc++";
				CLANG_ENABLE_MODULES = YES;
				CLANG_ENABLE_OBJC_ARC = YES;
				CLANG_ENABLE_OBJC_WEAK = YES;
				CLANG_WARN_BLOCK_CAPTURE_AUTORELEASING = YES;
				CLANG_WARN_BOOL_CONVERSION = YES;
				CLANG_WARN_COMMA = YES;
				CLANG_WARN_CONSTANT_CONVERSION = YES;
				CLANG_WARN_DEPRECATED_OBJC_IMPLEMENTATIONS = YES;
				CLANG_WARN_DIRECT_OBJC_ISA_USAGE = YES_ERROR;
				CLANG_WARN_DOCUMENTATION_COMMENTS = YES;
				CLANG_WARN_EMPTY_BODY = YES;
				CLANG_WARN_ENUM_CONVERSION = YES;
				CLANG_WARN_INFINITE_RECURSION = YES;
				CLANG_WARN_INT_CONVERSION = YES;
				CLANG_WARN_NON_LITERAL_NULL_CONVERSION = YES;
				CLANG_WARN_OBJC_IMPLICIT_RETAIN_SELF = YES;
				CLANG_WARN_OBJC_LITERAL_CONVERSION = YES;
				CLANG_WARN_OBJC_ROOT_CLASS = YES_ERROR;
				CLANG_WARN_RANGE_LOOP_ANALYSIS = YES;
				CLANG_WARN_STRICT_PROTOTYPES = YES;
				CLANG_WARN_SUSPICIOUS_MOVE = YES;
				CLANG_WARN_UNGUARDED_AVAILABILITY = YES_AGGRESSIVE;
				CLANG_WARN_UNREACHABLE_CODE = YES;
				CLANG_WARN__DUPLICATE_METHOD_MATCH = YES;
				COPY_PHASE_STRIP = NO;
				DEBUG_INFORMATION_FORMAT = dwarf;
				ENABLE_STRICT_OBJC_MSGSEND = YES;
				ENABLE_TESTABILITY = YES;
				GCC_C_LANGUAGE_STANDARD = gnu11;
				GCC_DYNAMIC_NO_PIC = NO;
				GCC_NO_COMMON_BLOCKS = YES;
				GCC_OPTIMIZATION_LEVEL = 0;
				GCC_PREPROCESSOR_DEFINITIONS = (
					"DEBUG=1",
					"$(inherited)",
				);
				GCC_WARN_64_TO_32_BIT_CONVERSION = YES;
				GCC_WARN_ABOUT_RETURN_TYPE = YES_ERROR;
				GCC_WARN_UNDECLARED_SELECTOR = YES;
				GCC_WARN_UNINITIALIZED_AUTOS = YES_AGGRESSIVE;
				GCC_WARN_UNUSED_FUNCTION = YES;
				GCC_WARN_UNUSED_VARIABLE = YES;
				IPHONEOS_DEPLOYMENT_TARGET = 13.2;
				MTL_ENABLE_DEBUG_INFO = INCLUDE_SOURCE;
				MTL_FAST_MATH = YES;
				ONLY_ACTIVE_ARCH = YES;
				SDKROOT = iphoneos;
				SWIFT_ACTIVE_COMPILATION_CONDITIONS = DEBUG;
				SWIFT_OPTIMIZATION_LEVEL = "-Onone";
			};
			name = Debug;
		};
		05D5B3B5240753080049EDED /* Release */ = {
			isa = XCBuildConfiguration;
			buildSettings = {
				ALWAYS_SEARCH_USER_PATHS = NO;
				CLANG_ANALYZER_NONNULL = YES;
				CLANG_ANALYZER_NUMBER_OBJECT_CONVERSION = YES_AGGRESSIVE;
				CLANG_CXX_LANGUAGE_STANDARD = "gnu++14";
				CLANG_CXX_LIBRARY = "libc++";
				CLANG_ENABLE_MODULES = YES;
				CLANG_ENABLE_OBJC_ARC = YES;
				CLANG_ENABLE_OBJC_WEAK = YES;
				CLANG_WARN_BLOCK_CAPTURE_AUTORELEASING = YES;
				CLANG_WARN_BOOL_CONVERSION = YES;
				CLANG_WARN_COMMA = YES;
				CLANG_WARN_CONSTANT_CONVERSION = YES;
				CLANG_WARN_DEPRECATED_OBJC_IMPLEMENTATIONS = YES;
				CLANG_WARN_DIRECT_OBJC_ISA_USAGE = YES_ERROR;
				CLANG_WARN_DOCUMENTATION_COMMENTS = YES;
				CLANG_WARN_EMPTY_BODY = YES;
				CLANG_WARN_ENUM_CONVERSION = YES;
				CLANG_WARN_INFINITE_RECURSION = YES;
				CLANG_WARN_INT_CONVERSION = YES;
				CLANG_WARN_NON_LITERAL_NULL_CONVERSION = YES;
				CLANG_WARN_OBJC_IMPLICIT_RETAIN_SELF = YES;
				CLANG_WARN_OBJC_LITERAL_CONVERSION = YES;
				CLANG_WARN_OBJC_ROOT_CLASS = YES_ERROR;
				CLANG_WARN_RANGE_LOOP_ANALYSIS = YES;
				CLANG_WARN_STRICT_PROTOTYPES = YES;
				CLANG_WARN_SUSPICIOUS_MOVE = YES;
				CLANG_WARN_UNGUARDED_AVAILABILITY = YES_AGGRESSIVE;
				CLANG_WARN_UNREACHABLE_CODE = YES;
				CLANG_WARN__DUPLICATE_METHOD_MATCH = YES;
				COPY_PHASE_STRIP = NO;
				DEBUG_INFORMATION_FORMAT = "dwarf-with-dsym";
				ENABLE_NS_ASSERTIONS = NO;
				ENABLE_STRICT_OBJC_MSGSEND = YES;
				GCC_C_LANGUAGE_STANDARD = gnu11;
				GCC_NO_COMMON_BLOCKS = YES;
				GCC_WARN_64_TO_32_BIT_CONVERSION = YES;
				GCC_WARN_ABOUT_RETURN_TYPE = YES_ERROR;
				GCC_WARN_UNDECLARED_SELECTOR = YES;
				GCC_WARN_UNINITIALIZED_AUTOS = YES_AGGRESSIVE;
				GCC_WARN_UNUSED_FUNCTION = YES;
				GCC_WARN_UNUSED_VARIABLE = YES;
				IPHONEOS_DEPLOYMENT_TARGET = 13.2;
				MTL_ENABLE_DEBUG_INFO = NO;
				MTL_FAST_MATH = YES;
				SDKROOT = iphoneos;
				SWIFT_COMPILATION_MODE = wholemodule;
				SWIFT_OPTIMIZATION_LEVEL = "-O";
				VALIDATE_PRODUCT = YES;
			};
			name = Release;
		};
		05D5B3B7240753080049EDED /* Debug */ = {
			isa = XCBuildConfiguration;
			buildSettings = {
				ALWAYS_EMBED_SWIFT_STANDARD_LIBRARIES = YES;
				ASSETCATALOG_COMPILER_APPICON_NAME = AppIcon;
				CODE_SIGN_ENTITLEMENTS = Recall/Resource/Recall.entitlements;
				CODE_SIGN_STYLE = Automatic;
				DEVELOPMENT_ASSET_PATHS = "\"Recall/Resource/Preview Content\"";
				DEVELOPMENT_TEAM = 6E5KV5Z7QF;
				ENABLE_PREVIEWS = YES;
				INFOPLIST_FILE = Recall/Resource/Info.plist;
				IPHONEOS_DEPLOYMENT_TARGET = 13.4;
				LD_RUNPATH_SEARCH_PATHS = (
					"$(inherited)",
					"@executable_path/Frameworks",
				);
				PRODUCT_BUNDLE_IDENTIFIER = com.qingyuanyu.Recall;
				PRODUCT_NAME = Recall;
				SUPPORTS_MACCATALYST = NO;
				SWIFT_VERSION = 5.0;
				TARGETED_DEVICE_FAMILY = "1,2";
			};
			name = Debug;
		};
		05D5B3B8240753080049EDED /* Release */ = {
			isa = XCBuildConfiguration;
			buildSettings = {
				ALWAYS_EMBED_SWIFT_STANDARD_LIBRARIES = YES;
				ASSETCATALOG_COMPILER_APPICON_NAME = AppIcon;
				CODE_SIGN_ENTITLEMENTS = Recall/Resource/Recall.entitlements;
				CODE_SIGN_STYLE = Automatic;
				DEVELOPMENT_ASSET_PATHS = "\"Recall/Resource/Preview Content\"";
				DEVELOPMENT_TEAM = 6E5KV5Z7QF;
				ENABLE_PREVIEWS = YES;
				INFOPLIST_FILE = Recall/Resource/Info.plist;
				IPHONEOS_DEPLOYMENT_TARGET = 13.4;
				LD_RUNPATH_SEARCH_PATHS = (
					"$(inherited)",
					"@executable_path/Frameworks",
				);
				PRODUCT_BUNDLE_IDENTIFIER = com.qingyuanyu.Recall;
				PRODUCT_NAME = Recall;
				SUPPORTS_MACCATALYST = NO;
				SWIFT_VERSION = 5.0;
				TARGETED_DEVICE_FAMILY = "1,2";
			};
			name = Release;
		};
		05E2B1F92431D3740004904F /* Debug */ = {
			isa = XCBuildConfiguration;
			buildSettings = {
				ASSETCATALOG_COMPILER_APPICON_NAME = AppIcon;
				CODE_SIGN_ENTITLEMENTS = MacRecall/Resource/MacRecall.entitlements;
				CODE_SIGN_IDENTITY = "-";
				CODE_SIGN_STYLE = Automatic;
				COMBINE_HIDPI_IMAGES = YES;
				DEVELOPMENT_ASSET_PATHS = "\"MacRecall/Resource/Preview Content\"";
				DEVELOPMENT_TEAM = 6E5KV5Z7QF;
				ENABLE_HARDENED_RUNTIME = YES;
				ENABLE_PREVIEWS = YES;
				INFOPLIST_FILE = MacRecall/Resource/Info.plist;
				LD_RUNPATH_SEARCH_PATHS = (
					"$(inherited)",
					"@executable_path/../Frameworks",
				);
				MACOSX_DEPLOYMENT_TARGET = 10.15;
				PRODUCT_BUNDLE_IDENTIFIER = yuqingyuan.MacRecall;
				PRODUCT_NAME = "$(TARGET_NAME)";
				SDKROOT = macosx;
				SWIFT_VERSION = 5.0;
			};
			name = Debug;
		};
		05E2B1FA2431D3740004904F /* Release */ = {
			isa = XCBuildConfiguration;
			buildSettings = {
				ASSETCATALOG_COMPILER_APPICON_NAME = AppIcon;
				CODE_SIGN_ENTITLEMENTS = MacRecall/Resource/MacRecall.entitlements;
				CODE_SIGN_IDENTITY = "-";
				CODE_SIGN_STYLE = Automatic;
				COMBINE_HIDPI_IMAGES = YES;
				DEVELOPMENT_ASSET_PATHS = "\"MacRecall/Resource/Preview Content\"";
				DEVELOPMENT_TEAM = 6E5KV5Z7QF;
				ENABLE_HARDENED_RUNTIME = YES;
				ENABLE_PREVIEWS = YES;
				INFOPLIST_FILE = MacRecall/Resource/Info.plist;
				LD_RUNPATH_SEARCH_PATHS = (
					"$(inherited)",
					"@executable_path/../Frameworks",
				);
				MACOSX_DEPLOYMENT_TARGET = 10.15;
				PRODUCT_BUNDLE_IDENTIFIER = yuqingyuan.MacRecall;
				PRODUCT_NAME = "$(TARGET_NAME)";
				SDKROOT = macosx;
				SWIFT_VERSION = 5.0;
			};
			name = Release;
		};
		05E2B2252431D4FB0004904F /* Debug */ = {
			isa = XCBuildConfiguration;
			buildSettings = {
				ASSETCATALOG_COMPILER_COMPLICATION_NAME = Complication;
				CODE_SIGN_STYLE = Automatic;
				DEVELOPMENT_ASSET_PATHS = "\"WatchRecall Extension/Resource/Preview Content\"";
				DEVELOPMENT_TEAM = 6E5KV5Z7QF;
				ENABLE_PREVIEWS = YES;
				INFOPLIST_FILE = "WatchRecall Extension/Resource/Info.plist";
				LD_RUNPATH_SEARCH_PATHS = (
					"$(inherited)",
					"@executable_path/Frameworks",
					"@executable_path/../../Frameworks",
				);
				PRODUCT_BUNDLE_IDENTIFIER = com.qingyuanyu.Recall.watchkitapp.watchkitextension;
				PRODUCT_NAME = "${TARGET_NAME}";
				SDKROOT = watchos;
				SKIP_INSTALL = YES;
				SWIFT_VERSION = 5.0;
				TARGETED_DEVICE_FAMILY = 4;
				WATCHOS_DEPLOYMENT_TARGET = 6.2;
			};
			name = Debug;
		};
		05E2B2262431D4FB0004904F /* Release */ = {
			isa = XCBuildConfiguration;
			buildSettings = {
				ASSETCATALOG_COMPILER_COMPLICATION_NAME = Complication;
				CODE_SIGN_STYLE = Automatic;
				DEVELOPMENT_ASSET_PATHS = "\"WatchRecall Extension/Resource/Preview Content\"";
				DEVELOPMENT_TEAM = 6E5KV5Z7QF;
				ENABLE_PREVIEWS = YES;
				INFOPLIST_FILE = "WatchRecall Extension/Resource/Info.plist";
				LD_RUNPATH_SEARCH_PATHS = (
					"$(inherited)",
					"@executable_path/Frameworks",
					"@executable_path/../../Frameworks",
				);
				PRODUCT_BUNDLE_IDENTIFIER = com.qingyuanyu.Recall.watchkitapp.watchkitextension;
				PRODUCT_NAME = "${TARGET_NAME}";
				SDKROOT = watchos;
				SKIP_INSTALL = YES;
				SWIFT_VERSION = 5.0;
				TARGETED_DEVICE_FAMILY = 4;
				WATCHOS_DEPLOYMENT_TARGET = 6.2;
			};
			name = Release;
		};
		05E2B2292431D4FB0004904F /* Debug */ = {
			isa = XCBuildConfiguration;
			buildSettings = {
				ALWAYS_EMBED_SWIFT_STANDARD_LIBRARIES = YES;
				ASSETCATALOG_COMPILER_APPICON_NAME = AppIcon;
				CODE_SIGN_STYLE = Automatic;
				DEVELOPMENT_TEAM = 6E5KV5Z7QF;
				IBSC_MODULE = WatchRecall_Extension;
				INFOPLIST_FILE = WatchRecall/Info.plist;
				PRODUCT_BUNDLE_IDENTIFIER = com.qingyuanyu.Recall.watchkitapp;
				PRODUCT_NAME = "$(TARGET_NAME)";
				SDKROOT = watchos;
				SKIP_INSTALL = YES;
				SWIFT_VERSION = 5.0;
				TARGETED_DEVICE_FAMILY = 4;
				WATCHOS_DEPLOYMENT_TARGET = 6.2;
			};
			name = Debug;
		};
		05E2B22A2431D4FB0004904F /* Release */ = {
			isa = XCBuildConfiguration;
			buildSettings = {
				ALWAYS_EMBED_SWIFT_STANDARD_LIBRARIES = YES;
				ASSETCATALOG_COMPILER_APPICON_NAME = AppIcon;
				CODE_SIGN_STYLE = Automatic;
				DEVELOPMENT_TEAM = 6E5KV5Z7QF;
				IBSC_MODULE = WatchRecall_Extension;
				INFOPLIST_FILE = WatchRecall/Info.plist;
				PRODUCT_BUNDLE_IDENTIFIER = com.qingyuanyu.Recall.watchkitapp;
				PRODUCT_NAME = "$(TARGET_NAME)";
				SDKROOT = watchos;
				SKIP_INSTALL = YES;
				SWIFT_VERSION = 5.0;
				TARGETED_DEVICE_FAMILY = 4;
				WATCHOS_DEPLOYMENT_TARGET = 6.2;
			};
			name = Release;
		};
		05E2B24E2431F64F0004904F /* Debug */ = {
			isa = XCBuildConfiguration;
			buildSettings = {
				CODE_SIGN_STYLE = Automatic;
				DEVELOPMENT_TEAM = 6E5KV5Z7QF;
				INFOPLIST_FILE = RecallNotification/Info.plist;
				IPHONEOS_DEPLOYMENT_TARGET = 13.4;
				LD_RUNPATH_SEARCH_PATHS = (
					"$(inherited)",
					"@executable_path/Frameworks",
					"@executable_path/../../Frameworks",
				);
				PRODUCT_BUNDLE_IDENTIFIER = com.qingyuanyu.Recall.RecallNotification;
				PRODUCT_NAME = "$(TARGET_NAME)";
				SKIP_INSTALL = YES;
				SWIFT_VERSION = 5.0;
				TARGETED_DEVICE_FAMILY = "1,2";
			};
			name = Debug;
		};
		05E2B24F2431F64F0004904F /* Release */ = {
			isa = XCBuildConfiguration;
			buildSettings = {
				CODE_SIGN_STYLE = Automatic;
				DEVELOPMENT_TEAM = 6E5KV5Z7QF;
				INFOPLIST_FILE = RecallNotification/Info.plist;
				IPHONEOS_DEPLOYMENT_TARGET = 13.4;
				LD_RUNPATH_SEARCH_PATHS = (
					"$(inherited)",
					"@executable_path/Frameworks",
					"@executable_path/../../Frameworks",
				);
				PRODUCT_BUNDLE_IDENTIFIER = com.qingyuanyu.Recall.RecallNotification;
				PRODUCT_NAME = "$(TARGET_NAME)";
				SKIP_INSTALL = YES;
				SWIFT_VERSION = 5.0;
				TARGETED_DEVICE_FAMILY = "1,2";
			};
			name = Release;
		};
		05E2B25E2431F66F0004904F /* Debug */ = {
			isa = XCBuildConfiguration;
			buildSettings = {
				CODE_SIGN_STYLE = Automatic;
				DEVELOPMENT_TEAM = 6E5KV5Z7QF;
				INFOPLIST_FILE = RecallNotificationService/Info.plist;
				IPHONEOS_DEPLOYMENT_TARGET = 13.4;
				LD_RUNPATH_SEARCH_PATHS = (
					"$(inherited)",
					"@executable_path/Frameworks",
					"@executable_path/../../Frameworks",
				);
				PRODUCT_BUNDLE_IDENTIFIER = com.qingyuanyu.Recall.RecallNotificationService;
				PRODUCT_NAME = "$(TARGET_NAME)";
				SKIP_INSTALL = YES;
				SWIFT_VERSION = 5.0;
				TARGETED_DEVICE_FAMILY = "1,2";
			};
			name = Debug;
		};
		05E2B25F2431F66F0004904F /* Release */ = {
			isa = XCBuildConfiguration;
			buildSettings = {
				CODE_SIGN_STYLE = Automatic;
				DEVELOPMENT_TEAM = 6E5KV5Z7QF;
				INFOPLIST_FILE = RecallNotificationService/Info.plist;
				IPHONEOS_DEPLOYMENT_TARGET = 13.4;
				LD_RUNPATH_SEARCH_PATHS = (
					"$(inherited)",
					"@executable_path/Frameworks",
					"@executable_path/../../Frameworks",
				);
				PRODUCT_BUNDLE_IDENTIFIER = com.qingyuanyu.Recall.RecallNotificationService;
				PRODUCT_NAME = "$(TARGET_NAME)";
				SKIP_INSTALL = YES;
				SWIFT_VERSION = 5.0;
				TARGETED_DEVICE_FAMILY = "1,2";
			};
			name = Release;
		};
/* End XCBuildConfiguration section */

/* Begin XCConfigurationList section */
		05D5B384240753060049EDED /* Build configuration list for PBXProject "Recall" */ = {
			isa = XCConfigurationList;
			buildConfigurations = (
				05D5B3B4240753080049EDED /* Debug */,
				05D5B3B5240753080049EDED /* Release */,
			);
			defaultConfigurationIsVisible = 0;
			defaultConfigurationName = Release;
		};
		05D5B3B6240753080049EDED /* Build configuration list for PBXNativeTarget "Recall" */ = {
			isa = XCConfigurationList;
			buildConfigurations = (
				05D5B3B7240753080049EDED /* Debug */,
				05D5B3B8240753080049EDED /* Release */,
			);
			defaultConfigurationIsVisible = 0;
			defaultConfigurationName = Release;
		};
		05E2B1F82431D3740004904F /* Build configuration list for PBXNativeTarget "MacRecall" */ = {
			isa = XCConfigurationList;
			buildConfigurations = (
				05E2B1F92431D3740004904F /* Debug */,
				05E2B1FA2431D3740004904F /* Release */,
			);
			defaultConfigurationIsVisible = 0;
			defaultConfigurationName = Release;
		};
		05E2B2242431D4FB0004904F /* Build configuration list for PBXNativeTarget "WatchRecall Extension" */ = {
			isa = XCConfigurationList;
			buildConfigurations = (
				05E2B2252431D4FB0004904F /* Debug */,
				05E2B2262431D4FB0004904F /* Release */,
			);
			defaultConfigurationIsVisible = 0;
			defaultConfigurationName = Release;
		};
		05E2B2282431D4FB0004904F /* Build configuration list for PBXNativeTarget "WatchRecall" */ = {
			isa = XCConfigurationList;
			buildConfigurations = (
				05E2B2292431D4FB0004904F /* Debug */,
				05E2B22A2431D4FB0004904F /* Release */,
			);
			defaultConfigurationIsVisible = 0;
			defaultConfigurationName = Release;
		};
		05E2B24D2431F64F0004904F /* Build configuration list for PBXNativeTarget "RecallNotification" */ = {
			isa = XCConfigurationList;
			buildConfigurations = (
				05E2B24E2431F64F0004904F /* Debug */,
				05E2B24F2431F64F0004904F /* Release */,
			);
			defaultConfigurationIsVisible = 0;
			defaultConfigurationName = Release;
		};
		05E2B25D2431F66F0004904F /* Build configuration list for PBXNativeTarget "RecallNotificationService" */ = {
			isa = XCConfigurationList;
			buildConfigurations = (
				05E2B25E2431F66F0004904F /* Debug */,
				05E2B25F2431F66F0004904F /* Release */,
			);
			defaultConfigurationIsVisible = 0;
			defaultConfigurationName = Release;
		};
/* End XCConfigurationList section */

/* Begin XCRemoteSwiftPackageReference section */
		05AC99F32456F9F5005DC74A /* XCRemoteSwiftPackageReference "Kingfisher" */ = {
			isa = XCRemoteSwiftPackageReference;
			repositoryURL = "https://github.com/onevcat/Kingfisher.git";
			requirement = {
				kind = upToNextMajorVersion;
				minimumVersion = 5.13.4;
			};
		};
/* End XCRemoteSwiftPackageReference section */

/* Begin XCSwiftPackageProductDependency section */
		05AC99F42456F9F5005DC74A /* KingfisherSwiftUI */ = {
			isa = XCSwiftPackageProductDependency;
			package = 05AC99F32456F9F5005DC74A /* XCRemoteSwiftPackageReference "Kingfisher" */;
			productName = KingfisherSwiftUI;
		};
/* End XCSwiftPackageProductDependency section */
	};
	rootObject = 05D5B381240753060049EDED /* Project object */;
}
